
Microsoft Visual Studio Solution File, Format Version 12.00
# Visual Studio 14
VisualStudioVersion = 14.0.25123.0
MinimumVisualStudioVersion = 10.0.40219.1
Project("{FAE04EC0-301F-11D3-BF4B-00C04F79EFBC}") = "Samples.WinRT.Client.Presentation.Shell", "Samples.WinRT.Presentation.Shell\Samples.WinRT.Client.Presentation.Shell.csproj", "{FFEB9FD5-739C-40E7-9CC1-87E456817F1A}"
EndProject
Project("{2150E333-8FDC-42A3-9474-1A3956D46DE8}") = "Data", "Data", "{CFF1CC9C-7FAF-493C-B0BC-2BD47779C59E}"
EndProject
Project("{2150E333-8FDC-42A3-9474-1A3956D46DE8}") = "Contracts", "Contracts", "{82B7CC64-C178-4664-A09B-6D7F0E2E9BE2}"
EndProject
Project("{FAE04EC0-301F-11D3-BF4B-00C04F79EFBC}") = "Samples.Client.Data.Contracts.Providers", "Samples.Client.Data.Contracts.Providers\Samples.Client.Data.Contracts.Providers.csproj", "{D2432BC9-C269-47CA-85AC-7B1F79BDD2B7}"
EndProject
Project("{FAE04EC0-301F-11D3-BF4B-00C04F79EFBC}") = "Samples.Client.Data.Contracts.Dto", "Samples.Client.Data.Contracts.Dto\Samples.Client.Data.Contracts.Dto.csproj", "{8A567338-89FB-49AA-80FE-B47AE861D6A7}"
EndProject
Project("{2150E333-8FDC-42A3-9474-1A3956D46DE8}") = "Fake", "Fake", "{7CBFBF47-277B-4B59-A67F-C5B84DFF1C16}"
EndProject
Project("{FAE04EC0-301F-11D3-BF4B-00C04F79EFBC}") = "Samples.Client.Data.Fake.Containers", "Samples.Client.Data.Fake.Containers\Samples.Client.Data.Fake.Containers.csproj", "{AD12275A-AEB6-4DE1-8B9F-49AE7A161873}"
EndProject
Project("{FAE04EC0-301F-11D3-BF4B-00C04F79EFBC}") = "Samples.Client.Data.Fake.ProviderBuilders", "Samples.Client.Data.Fake.ProviderBuilders\Samples.Client.Data.Fake.ProviderBuilders.csproj", "{B9B61E48-888E-4347-8DFE-F41DAC4A1F2F}"
EndProject
Project("{FAE04EC0-301F-11D3-BF4B-00C04F79EFBC}") = "Samples.Client.Data.Fake.Providers", "Samples.Client.Data.Fake.Providers\Samples.Client.Data.Fake.Providers.csproj", "{7B20CB05-4318-4288-AD78-D393B5355453}"
EndProject
Project("{2150E333-8FDC-42A3-9474-1A3956D46DE8}") = "Presentation", "Presentation", "{4A0001F2-524E-45A6-83D9-EE1AC9BD0D63}"
EndProject
Project("{2150E333-8FDC-42A3-9474-1A3956D46DE8}") = "Model", "Model", "{843BC64E-FA8A-477F-9F74-8D277FF36007}"
EndProject
Project("{FAE04EC0-301F-11D3-BF4B-00C04F79EFBC}") = "Samples.Client.Model.Contracts", "Samples.Client.Model.Contracts\Samples.Client.Model.Contracts.csproj", "{536D34E4-A409-4567-B7C6-58F50206740E}"
EndProject
Project("{FAE04EC0-301F-11D3-BF4B-00C04F79EFBC}") = "Samples.Client.Model", "Samples.Client.Model\Samples.Client.Model.csproj", "{33766857-5FCE-4C2C-B167-E76A9F521FF0}"
EndProject
Project("{FAE04EC0-301F-11D3-BF4B-00C04F79EFBC}") = "Samples.Client.Model.Shared", "Samples.Client.Model.Shared\Samples.Client.Model.Shared.csproj", "{49724A56-9FA9-44C4-B731-1E414EE598BC}"
EndProject
Global
	GlobalSection(SolutionConfigurationPlatforms) = preSolution
		Debug|Any CPU = Debug|Any CPU
		Debug|ARM = Debug|ARM
		Debug|x64 = Debug|x64
		Debug|x86 = Debug|x86
		Release|Any CPU = Release|Any CPU
		Release|ARM = Release|ARM
		Release|x64 = Release|x64
		Release|x86 = Release|x86
	EndGlobalSection
	GlobalSection(ProjectConfigurationPlatforms) = postSolution
		{FFEB9FD5-739C-40E7-9CC1-87E456817F1A}.Debug|Any CPU.ActiveCfg = Debug|Any CPU
		{FFEB9FD5-739C-40E7-9CC1-87E456817F1A}.Debug|Any CPU.Build.0 = Debug|Any CPU
		{FFEB9FD5-739C-40E7-9CC1-87E456817F1A}.Debug|Any CPU.Deploy.0 = Debug|Any CPU
		{FFEB9FD5-739C-40E7-9CC1-87E456817F1A}.Debug|ARM.ActiveCfg = Debug|ARM
		{FFEB9FD5-739C-40E7-9CC1-87E456817F1A}.Debug|ARM.Build.0 = Debug|ARM
		{FFEB9FD5-739C-40E7-9CC1-87E456817F1A}.Debug|ARM.Deploy.0 = Debug|ARM
		{FFEB9FD5-739C-40E7-9CC1-87E456817F1A}.Debug|x64.ActiveCfg = Debug|x64
		{FFEB9FD5-739C-40E7-9CC1-87E456817F1A}.Debug|x64.Build.0 = Debug|x64
		{FFEB9FD5-739C-40E7-9CC1-87E456817F1A}.Debug|x64.Deploy.0 = Debug|x64
		{FFEB9FD5-739C-40E7-9CC1-87E456817F1A}.Debug|x86.ActiveCfg = Debug|x86
		{FFEB9FD5-739C-40E7-9CC1-87E456817F1A}.Debug|x86.Build.0 = Debug|x86
		{FFEB9FD5-739C-40E7-9CC1-87E456817F1A}.Debug|x86.Deploy.0 = Debug|x86
		{FFEB9FD5-739C-40E7-9CC1-87E456817F1A}.Release|Any CPU.ActiveCfg = Release|Any CPU
		{FFEB9FD5-739C-40E7-9CC1-87E456817F1A}.Release|Any CPU.Build.0 = Release|Any CPU
		{FFEB9FD5-739C-40E7-9CC1-87E456817F1A}.Release|Any CPU.Deploy.0 = Release|Any CPU
		{FFEB9FD5-739C-40E7-9CC1-87E456817F1A}.Release|ARM.ActiveCfg = Release|ARM
		{FFEB9FD5-739C-40E7-9CC1-87E456817F1A}.Release|ARM.Build.0 = Release|ARM
		{FFEB9FD5-739C-40E7-9CC1-87E456817F1A}.Release|ARM.Deploy.0 = Release|ARM
		{FFEB9FD5-739C-40E7-9CC1-87E456817F1A}.Release|x64.ActiveCfg = Release|x64
		{FFEB9FD5-739C-40E7-9CC1-87E456817F1A}.Release|x64.Build.0 = Release|x64
		{FFEB9FD5-739C-40E7-9CC1-87E456817F1A}.Release|x64.Deploy.0 = Release|x64
		{FFEB9FD5-739C-40E7-9CC1-87E456817F1A}.Release|x86.ActiveCfg = Release|x86
		{FFEB9FD5-739C-40E7-9CC1-87E456817F1A}.Release|x86.Build.0 = Release|x86
		{FFEB9FD5-739C-40E7-9CC1-87E456817F1A}.Release|x86.Deploy.0 = Release|x86
		{D2432BC9-C269-47CA-85AC-7B1F79BDD2B7}.Debug|Any CPU.ActiveCfg = Debug|Any CPU
		{D2432BC9-C269-47CA-85AC-7B1F79BDD2B7}.Debug|Any CPU.Build.0 = Debug|Any CPU
		{D2432BC9-C269-47CA-85AC-7B1F79BDD2B7}.Debug|ARM.ActiveCfg = Debug|Any CPU
		{D2432BC9-C269-47CA-85AC-7B1F79BDD2B7}.Debug|ARM.Build.0 = Debug|Any CPU
		{D2432BC9-C269-47CA-85AC-7B1F79BDD2B7}.Debug|x64.ActiveCfg = Debug|Any CPU
		{D2432BC9-C269-47CA-85AC-7B1F79BDD2B7}.Debug|x64.Build.0 = Debug|Any CPU
		{D2432BC9-C269-47CA-85AC-7B1F79BDD2B7}.Debug|x86.ActiveCfg = Debug|Any CPU
		{D2432BC9-C269-47CA-85AC-7B1F79BDD2B7}.Debug|x86.Build.0 = Debug|Any CPU
		{D2432BC9-C269-47CA-85AC-7B1F79BDD2B7}.Release|Any CPU.ActiveCfg = Release|Any CPU
		{D2432BC9-C269-47CA-85AC-7B1F79BDD2B7}.Release|Any CPU.Build.0 = Release|Any CPU
		{D2432BC9-C269-47CA-85AC-7B1F79BDD2B7}.Release|ARM.ActiveCfg = Release|Any CPU
		{D2432BC9-C269-47CA-85AC-7B1F79BDD2B7}.Release|ARM.Build.0 = Release|Any CPU
		{D2432BC9-C269-47CA-85AC-7B1F79BDD2B7}.Release|x64.ActiveCfg = Release|Any CPU
		{D2432BC9-C269-47CA-85AC-7B1F79BDD2B7}.Release|x64.Build.0 = Release|Any CPU
		{D2432BC9-C269-47CA-85AC-7B1F79BDD2B7}.Release|x86.ActiveCfg = Release|Any CPU
		{D2432BC9-C269-47CA-85AC-7B1F79BDD2B7}.Release|x86.Build.0 = Release|Any CPU
		{8A567338-89FB-49AA-80FE-B47AE861D6A7}.Debug|Any CPU.ActiveCfg = Debug|Any CPU
		{8A567338-89FB-49AA-80FE-B47AE861D6A7}.Debug|Any CPU.Build.0 = Debug|Any CPU
		{8A567338-89FB-49AA-80FE-B47AE861D6A7}.Debug|ARM.ActiveCfg = Debug|Any CPU
		{8A567338-89FB-49AA-80FE-B47AE861D6A7}.Debug|ARM.Build.0 = Debug|Any CPU
		{8A567338-89FB-49AA-80FE-B47AE861D6A7}.Debug|x64.ActiveCfg = Debug|Any CPU
		{8A567338-89FB-49AA-80FE-B47AE861D6A7}.Debug|x64.Build.0 = Debug|Any CPU
		{8A567338-89FB-49AA-80FE-B47AE861D6A7}.Debug|x86.ActiveCfg = Debug|Any CPU
		{8A567338-89FB-49AA-80FE-B47AE861D6A7}.Debug|x86.Build.0 = Debug|Any CPU
		{8A567338-89FB-49AA-80FE-B47AE861D6A7}.Release|Any CPU.ActiveCfg = Release|Any CPU
		{8A567338-89FB-49AA-80FE-B47AE861D6A7}.Release|Any CPU.Build.0 = Release|Any CPU
		{8A567338-89FB-49AA-80FE-B47AE861D6A7}.Release|ARM.ActiveCfg = Release|Any CPU
		{8A567338-89FB-49AA-80FE-B47AE861D6A7}.Release|ARM.Build.0 = Release|Any CPU
		{8A567338-89FB-49AA-80FE-B47AE861D6A7}.Release|x64.ActiveCfg = Release|Any CPU
		{8A567338-89FB-49AA-80FE-B47AE861D6A7}.Release|x64.Build.0 = Release|Any CPU
		{8A567338-89FB-49AA-80FE-B47AE861D6A7}.Release|x86.ActiveCfg = Release|Any CPU
		{8A567338-89FB-49AA-80FE-B47AE861D6A7}.Release|x86.Build.0 = Release|Any CPU
		{AD12275A-AEB6-4DE1-8B9F-49AE7A161873}.Debug|Any CPU.ActiveCfg = Debug|Any CPU
		{AD12275A-AEB6-4DE1-8B9F-49AE7A161873}.Debug|Any CPU.Build.0 = Debug|Any CPU
		{AD12275A-AEB6-4DE1-8B9F-49AE7A161873}.Debug|ARM.ActiveCfg = Debug|Any CPU
		{AD12275A-AEB6-4DE1-8B9F-49AE7A161873}.Debug|ARM.Build.0 = Debug|Any CPU
		{AD12275A-AEB6-4DE1-8B9F-49AE7A161873}.Debug|x64.ActiveCfg = Debug|Any CPU
		{AD12275A-AEB6-4DE1-8B9F-49AE7A161873}.Debug|x64.Build.0 = Debug|Any CPU
		{AD12275A-AEB6-4DE1-8B9F-49AE7A161873}.Debug|x86.ActiveCfg = Debug|Any CPU
		{AD12275A-AEB6-4DE1-8B9F-49AE7A161873}.Debug|x86.Build.0 = Debug|Any CPU
		{AD12275A-AEB6-4DE1-8B9F-49AE7A161873}.Release|Any CPU.ActiveCfg = Release|Any CPU
		{AD12275A-AEB6-4DE1-8B9F-49AE7A161873}.Release|Any CPU.Build.0 = Release|Any CPU
		{AD12275A-AEB6-4DE1-8B9F-49AE7A161873}.Release|ARM.ActiveCfg = Release|Any CPU
		{AD12275A-AEB6-4DE1-8B9F-49AE7A161873}.Release|ARM.Build.0 = Release|Any CPU
		{AD12275A-AEB6-4DE1-8B9F-49AE7A161873}.Release|x64.ActiveCfg = Release|Any CPU
		{AD12275A-AEB6-4DE1-8B9F-49AE7A161873}.Release|x64.Build.0 = Release|Any CPU
		{AD12275A-AEB6-4DE1-8B9F-49AE7A161873}.Release|x86.ActiveCfg = Release|Any CPU
		{AD12275A-AEB6-4DE1-8B9F-49AE7A161873}.Release|x86.Build.0 = Release|Any CPU
		{B9B61E48-888E-4347-8DFE-F41DAC4A1F2F}.Debug|Any CPU.ActiveCfg = Debug|Any CPU
		{B9B61E48-888E-4347-8DFE-F41DAC4A1F2F}.Debug|Any CPU.Build.0 = Debug|Any CPU
		{B9B61E48-888E-4347-8DFE-F41DAC4A1F2F}.Debug|ARM.ActiveCfg = Debug|ARM
		{B9B61E48-888E-4347-8DFE-F41DAC4A1F2F}.Debug|ARM.Build.0 = Debug|ARM
		{B9B61E48-888E-4347-8DFE-F41DAC4A1F2F}.Debug|x64.ActiveCfg = Debug|x64
		{B9B61E48-888E-4347-8DFE-F41DAC4A1F2F}.Debug|x64.Build.0 = Debug|x64
		{B9B61E48-888E-4347-8DFE-F41DAC4A1F2F}.Debug|x86.ActiveCfg = Debug|x86
		{B9B61E48-888E-4347-8DFE-F41DAC4A1F2F}.Debug|x86.Build.0 = Debug|x86
		{B9B61E48-888E-4347-8DFE-F41DAC4A1F2F}.Release|Any CPU.ActiveCfg = Release|Any CPU
		{B9B61E48-888E-4347-8DFE-F41DAC4A1F2F}.Release|Any CPU.Build.0 = Release|Any CPU
		{B9B61E48-888E-4347-8DFE-F41DAC4A1F2F}.Release|ARM.ActiveCfg = Release|ARM
		{B9B61E48-888E-4347-8DFE-F41DAC4A1F2F}.Release|ARM.Build.0 = Release|ARM
		{B9B61E48-888E-4347-8DFE-F41DAC4A1F2F}.Release|x64.ActiveCfg = Release|x64
		{B9B61E48-888E-4347-8DFE-F41DAC4A1F2F}.Release|x64.Build.0 = Release|x64
		{B9B61E48-888E-4347-8DFE-F41DAC4A1F2F}.Release|x86.ActiveCfg = Release|x86
		{B9B61E48-888E-4347-8DFE-F41DAC4A1F2F}.Release|x86.Build.0 = Release|x86
		{7B20CB05-4318-4288-AD78-D393B5355453}.Debug|Any CPU.ActiveCfg = Debug|Any CPU
		{7B20CB05-4318-4288-AD78-D393B5355453}.Debug|Any CPU.Build.0 = Debug|Any CPU
		{7B20CB05-4318-4288-AD78-D393B5355453}.Debug|ARM.ActiveCfg = Debug|ARM
		{7B20CB05-4318-4288-AD78-D393B5355453}.Debug|ARM.Build.0 = Debug|ARM
		{7B20CB05-4318-4288-AD78-D393B5355453}.Debug|x64.ActiveCfg = Debug|x64
		{7B20CB05-4318-4288-AD78-D393B5355453}.Debug|x64.Build.0 = Debug|x64
		{7B20CB05-4318-4288-AD78-D393B5355453}.Debug|x86.ActiveCfg = Debug|x86
		{7B20CB05-4318-4288-AD78-D393B5355453}.Debug|x86.Build.0 = Debug|x86
		{7B20CB05-4318-4288-AD78-D393B5355453}.Release|Any CPU.ActiveCfg = Release|Any CPU
		{7B20CB05-4318-4288-AD78-D393B5355453}.Release|Any CPU.Build.0 = Release|Any CPU
		{7B20CB05-4318-4288-AD78-D393B5355453}.Release|ARM.ActiveCfg = Release|ARM
		{7B20CB05-4318-4288-AD78-D393B5355453}.Release|ARM.Build.0 = Release|ARM
		{7B20CB05-4318-4288-AD78-D393B5355453}.Release|x64.ActiveCfg = Release|x64
		{7B20CB05-4318-4288-AD78-D393B5355453}.Release|x64.Build.0 = Release|x64
		{7B20CB05-4318-4288-AD78-D393B5355453}.Release|x86.ActiveCfg = Release|x86
		{7B20CB05-4318-4288-AD78-D393B5355453}.Release|x86.Build.0 = Release|x86
		{536D34E4-A409-4567-B7C6-58F50206740E}.Debug|Any CPU.ActiveCfg = Debug|Any CPU
		{536D34E4-A409-4567-B7C6-58F50206740E}.Debug|Any CPU.Build.0 = Debug|Any CPU
		{536D34E4-A409-4567-B7C6-58F50206740E}.Debug|ARM.ActiveCfg = Debug|Any CPU
		{536D34E4-A409-4567-B7C6-58F50206740E}.Debug|ARM.Build.0 = Debug|Any CPU
		{536D34E4-A409-4567-B7C6-58F50206740E}.Debug|x64.ActiveCfg = Debug|Any CPU
		{536D34E4-A409-4567-B7C6-58F50206740E}.Debug|x64.Build.0 = Debug|Any CPU
		{536D34E4-A409-4567-B7C6-58F50206740E}.Debug|x86.ActiveCfg = Debug|Any CPU
		{536D34E4-A409-4567-B7C6-58F50206740E}.Debug|x86.Build.0 = Debug|Any CPU
		{536D34E4-A409-4567-B7C6-58F50206740E}.Release|Any CPU.ActiveCfg = Release|Any CPU
		{536D34E4-A409-4567-B7C6-58F50206740E}.Release|Any CPU.Build.0 = Release|Any CPU
		{536D34E4-A409-4567-B7C6-58F50206740E}.Release|ARM.ActiveCfg = Release|Any CPU
		{536D34E4-A409-4567-B7C6-58F50206740E}.Release|ARM.Build.0 = Release|Any CPU
		{536D34E4-A409-4567-B7C6-58F50206740E}.Release|x64.ActiveCfg = Release|Any CPU
		{536D34E4-A409-4567-B7C6-58F50206740E}.Release|x64.Build.0 = Release|Any CPU
		{536D34E4-A409-4567-B7C6-58F50206740E}.Release|x86.ActiveCfg = Release|Any CPU
		{536D34E4-A409-4567-B7C6-58F50206740E}.Release|x86.Build.0 = Release|Any CPU
		{33766857-5FCE-4C2C-B167-E76A9F521FF0}.Debug|Any CPU.ActiveCfg = Debug|Any CPU
		{33766857-5FCE-4C2C-B167-E76A9F521FF0}.Debug|Any CPU.Build.0 = Debug|Any CPU
		{33766857-5FCE-4C2C-B167-E76A9F521FF0}.Debug|ARM.ActiveCfg = Debug|Any CPU
		{33766857-5FCE-4C2C-B167-E76A9F521FF0}.Debug|ARM.Build.0 = Debug|Any CPU
		{33766857-5FCE-4C2C-B167-E76A9F521FF0}.Debug|x64.ActiveCfg = Debug|Any CPU
		{33766857-5FCE-4C2C-B167-E76A9F521FF0}.Debug|x64.Build.0 = Debug|Any CPU
		{33766857-5FCE-4C2C-B167-E76A9F521FF0}.Debug|x86.ActiveCfg = Debug|Any CPU
		{33766857-5FCE-4C2C-B167-E76A9F521FF0}.Debug|x86.Build.0 = Debug|Any CPU
		{33766857-5FCE-4C2C-B167-E76A9F521FF0}.Release|Any CPU.ActiveCfg = Release|Any CPU
		{33766857-5FCE-4C2C-B167-E76A9F521FF0}.Release|Any CPU.Build.0 = Release|Any CPU
		{33766857-5FCE-4C2C-B167-E76A9F521FF0}.Release|ARM.ActiveCfg = Release|Any CPU
		{33766857-5FCE-4C2C-B167-E76A9F521FF0}.Release|ARM.Build.0 = Release|Any CPU
		{33766857-5FCE-4C2C-B167-E76A9F521FF0}.Release|x64.ActiveCfg = Release|Any CPU
		{33766857-5FCE-4C2C-B167-E76A9F521FF0}.Release|x64.Build.0 = Release|Any CPU
		{33766857-5FCE-4C2C-B167-E76A9F521FF0}.Release|x86.ActiveCfg = Release|Any CPU
		{33766857-5FCE-4C2C-B167-E76A9F521FF0}.Release|x86.Build.0 = Release|Any CPU
		{49724A56-9FA9-44C4-B731-1E414EE598BC}.Debug|Any CPU.ActiveCfg = Debug|Any CPU
		{49724A56-9FA9-44C4-B731-1E414EE598BC}.Debug|Any CPU.Build.0 = Debug|Any CPU
		{49724A56-9FA9-44C4-B731-1E414EE598BC}.Debug|ARM.ActiveCfg = Debug|Any CPU
		{49724A56-9FA9-44C4-B731-1E414EE598BC}.Debug|ARM.Build.0 = Debug|Any CPU
		{49724A56-9FA9-44C4-B731-1E414EE598BC}.Debug|x64.ActiveCfg = Debug|Any CPU
		{49724A56-9FA9-44C4-B731-1E414EE598BC}.Debug|x64.Build.0 = Debug|Any CPU
		{49724A56-9FA9-44C4-B731-1E414EE598BC}.Debug|x86.ActiveCfg = Debug|Any CPU
		{49724A56-9FA9-44C4-B731-1E414EE598BC}.Debug|x86.Build.0 = Debug|Any CPU
		{49724A56-9FA9-44C4-B731-1E414EE598BC}.Release|Any CPU.ActiveCfg = Release|Any CPU
		{49724A56-9FA9-44C4-B731-1E414EE598BC}.Release|Any CPU.Build.0 = Release|Any CPU
		{49724A56-9FA9-44C4-B731-1E414EE598BC}.Release|ARM.ActiveCfg = Release|Any CPU
		{49724A56-9FA9-44C4-B731-1E414EE598BC}.Release|ARM.Build.0 = Release|Any CPU
		{49724A56-9FA9-44C4-B731-1E414EE598BC}.Release|x64.ActiveCfg = Release|Any CPU
		{49724A56-9FA9-44C4-B731-1E414EE598BC}.Release|x64.Build.0 = Release|Any CPU
		{49724A56-9FA9-44C4-B731-1E414EE598BC}.Release|x86.ActiveCfg = Release|Any CPU
		{49724A56-9FA9-44C4-B731-1E414EE598BC}.Release|x86.Build.0 = Release|Any CPU
	EndGlobalSection
	GlobalSection(SolutionProperties) = preSolution
		HideSolutionNode = FALSE
	EndGlobalSection
	GlobalSection(NestedProjects) = preSolution
		{FFEB9FD5-739C-40E7-9CC1-87E456817F1A} = {4A0001F2-524E-45A6-83D9-EE1AC9BD0D63}
		{82B7CC64-C178-4664-A09B-6D7F0E2E9BE2} = {CFF1CC9C-7FAF-493C-B0BC-2BD47779C59E}
		{D2432BC9-C269-47CA-85AC-7B1F79BDD2B7} = {82B7CC64-C178-4664-A09B-6D7F0E2E9BE2}
		{8A567338-89FB-49AA-80FE-B47AE861D6A7} = {82B7CC64-C178-4664-A09B-6D7F0E2E9BE2}
		{7CBFBF47-277B-4B59-A67F-C5B84DFF1C16} = {CFF1CC9C-7FAF-493C-B0BC-2BD47779C59E}
		{AD12275A-AEB6-4DE1-8B9F-49AE7A161873} = {7CBFBF47-277B-4B59-A67F-C5B84DFF1C16}
		{B9B61E48-888E-4347-8DFE-F41DAC4A1F2F} = {7CBFBF47-277B-4B59-A67F-C5B84DFF1C16}
		{7B20CB05-4318-4288-AD78-D393B5355453} = {7CBFBF47-277B-4B59-A67F-C5B84DFF1C16}
		{536D34E4-A409-4567-B7C6-58F50206740E} = {843BC64E-FA8A-477F-9F74-8D277FF36007}
		{33766857-5FCE-4C2C-B167-E76A9F521FF0} = {843BC64E-FA8A-477F-9F74-8D277FF36007}
		{49724A56-9FA9-44C4-B731-1E414EE598BC} = {843BC64E-FA8A-477F-9F74-8D277FF36007}
	EndGlobalSection
EndGlobal
