
Microsoft Visual Studio Solution File, Format Version 12.00
# Visual Studio 14
VisualStudioVersion = 14.0.25123.0
MinimumVisualStudioVersion = 10.0.40219.1
Project("{2150E333-8FDC-42A3-9474-1A3956D46DE8}") = "Data", "Data", "{CFF1CC9C-7FAF-493C-B0BC-2BD47779C59E}"
EndProject
Project("{2150E333-8FDC-42A3-9474-1A3956D46DE8}") = "Contracts", "Contracts", "{82B7CC64-C178-4664-A09B-6D7F0E2E9BE2}"
EndProject
Project("{FAE04EC0-301F-11D3-BF4B-00C04F79EFBC}") = "Samples.Client.Data.Contracts.Providers", "Samples.Client.Data.Contracts.Providers\Samples.Client.Data.Contracts.Providers.csproj", "{D2432BC9-C269-47CA-85AC-7B1F79BDD2B7}"
EndProject
Project("{FAE04EC0-301F-11D3-BF4B-00C04F79EFBC}") = "Samples.Client.Data.Contracts.Dto", "Samples.Client.Data.Contracts.Dto\Samples.Client.Data.Contracts.Dto.csproj", "{8A567338-89FB-49AA-80FE-B47AE861D6A7}"
EndProject
Project("{2150E333-8FDC-42A3-9474-1A3956D46DE8}") = "Fake", "Fake", "{7CBFBF47-277B-4B59-A67F-C5B84DFF1C16}"
EndProject
Project("{FAE04EC0-301F-11D3-BF4B-00C04F79EFBC}") = "Samples.Client.Data.Fake.Containers", "Samples.Client.Data.Fake.Containers\Samples.Client.Data.Fake.Containers.csproj", "{AD12275A-AEB6-4DE1-8B9F-49AE7A161873}"
EndProject
Project("{FAE04EC0-301F-11D3-BF4B-00C04F79EFBC}") = "Samples.Client.Data.Fake.ProviderBuilders", "Samples.Client.Data.Fake.ProviderBuilders\Samples.Client.Data.Fake.ProviderBuilders.csproj", "{B9B61E48-888E-4347-8DFE-F41DAC4A1F2F}"
EndProject
Project("{FAE04EC0-301F-11D3-BF4B-00C04F79EFBC}") = "Samples.Client.Data.Fake.Providers", "Samples.Client.Data.Fake.Providers\Samples.Client.Data.Fake.Providers.csproj", "{7B20CB05-4318-4288-AD78-D393B5355453}"
EndProject
Project("{2150E333-8FDC-42A3-9474-1A3956D46DE8}") = "Presentation", "Presentation", "{4A0001F2-524E-45A6-83D9-EE1AC9BD0D63}"
EndProject
Project("{2150E333-8FDC-42A3-9474-1A3956D46DE8}") = "Model", "Model", "{843BC64E-FA8A-477F-9F74-8D277FF36007}"
EndProject
Project("{FAE04EC0-301F-11D3-BF4B-00C04F79EFBC}") = "Samples.Client.Model.Contracts", "Samples.Client.Model.Contracts\Samples.Client.Model.Contracts.csproj", "{536D34E4-A409-4567-B7C6-58F50206740E}"
EndProject
Project("{FAE04EC0-301F-11D3-BF4B-00C04F79EFBC}") = "Samples.Client.Model", "Samples.Client.Model\Samples.Client.Model.csproj", "{33766857-5FCE-4C2C-B167-E76A9F521FF0}"
EndProject
Project("{FAE04EC0-301F-11D3-BF4B-00C04F79EFBC}") = "Samples.Client.Model.Shared", "Samples.Client.Model.Shared\Samples.Client.Model.Shared.csproj", "{49724A56-9FA9-44C4-B731-1E414EE598BC}"
EndProject
Project("{FAE04EC0-301F-11D3-BF4B-00C04F79EFBC}") = "Samples.WinRT.Client.Launcher", "Samples.WinRT.Client.Launcher\Samples.WinRT.Client.Launcher.csproj", "{FFEB9FD5-739C-40E7-9CC1-87E456817F1A}"
EndProject
Project("{FAE04EC0-301F-11D3-BF4B-00C04F79EFBC}") = "Samples.WinRT.Client.Presentation.Shell", "Samples.WinRT.Client.Presentation.Shell\Samples.WinRT.Client.Presentation.Shell.csproj", "{D73E6669-F40F-41CB-B4F9-CEC09DEE7619}"
EndProject
Project("{2150E333-8FDC-42A3-9474-1A3956D46DE8}") = "Real", "Real", "{1DC8E7B9-99F3-4D27-8D51-FD2952657325}"
EndProject
Project("{FAE04EC0-301F-11D3-BF4B-00C04F79EFBC}") = "Samples.Client.Data.Real.Providers", "Samples.Client.Data.Real.Providers\Samples.Client.Data.Real.Providers.csproj", "{C7D9A43D-CF1A-45B8-96A4-8723631FA685}"
EndProject
Project("{2150E333-8FDC-42A3-9474-1A3956D46DE8}") = "Tests", "Tests", "{3A5CF97F-6F7F-4D52-BBF0-4B59271DEB52}"
EndProject
Project("{2150E333-8FDC-42A3-9474-1A3956D46DE8}") = "Integration", "Integration", "{B17D3E84-5098-4D9A-BBEB-1B2B60B2467A}"
EndProject
Project("{2150E333-8FDC-42A3-9474-1A3956D46DE8}") = "Infra", "Infra", "{AB14C5B1-1A79-49BA-B8B8-972A518D6A71}"
EndProject
Project("{FAE04EC0-301F-11D3-BF4B-00C04F79EFBC}") = "Samples.WinRT.Client.Tests.Integration.Infra", "Samples.WinRT.Client.Tests.Integration.Infra\Samples.WinRT.Client.Tests.Integration.Infra.csproj", "{D592B9B3-DC21-486C-AEDD-3FA5CE886D7C}"
EndProject
Project("{FAE04EC0-301F-11D3-BF4B-00C04F79EFBC}") = "Samples.WinRT.Client.Tests.Integration.Infra.Shared", "Samples.WinRT.Client.Tests.Integration.Infra.Shared\Samples.WinRT.Client.Tests.Integration.Infra.Shared.csproj", "{7E226C45-8584-4B96-A2C8-D5A868008026}"
EndProject
Project("{2150E333-8FDC-42A3-9474-1A3956D46DE8}") = "Steps", "Steps", "{A386E7C6-0689-41BD-A8DC-96DA4F95E917}"
EndProject
Project("{FAE04EC0-301F-11D3-BF4B-00C04F79EFBC}") = "Samples.WinRT.Client.Tests", "Samples.WinRT.Client.Tests\Samples.WinRT.Client.Tests.csproj", "{AD2D47F8-8296-4045-83E1-1B402FF4BC6F}"
EndProject
Project("{2150E333-8FDC-42A3-9474-1A3956D46DE8}") = "ScreenObjects", "ScreenObjects", "{667BAEAA-1167-47DB-BE02-55EAADE66D59}"
EndProject
Project("{FAE04EC0-301F-11D3-BF4B-00C04F79EFBC}") = "Samples.WinRT.Client.ScreenObjects.Contracts", "Samples.WinRT.Client.ScreenObjects.Contracts\Samples.WinRT.Client.ScreenObjects.Contracts.csproj", "{319D9A32-4C4A-41CF-BA5D-B329E07420F8}"
EndProject
Project("{FAE04EC0-301F-11D3-BF4B-00C04F79EFBC}") = "Samples.WinRT.Client.Integration.ScreenObjects", "Samples.WinRT.Client.Integration.ScreenObjects\Samples.WinRT.Client.Integration.ScreenObjects.csproj", "{1A8B996A-A97F-4F2B-9BFB-EED800D8C3C7}"
EndProject
Project("{FAE04EC0-301F-11D3-BF4B-00C04F79EFBC}") = "Samples.WinRT.Client.Tests.Integration.Infra.Core", "Samples.WinRT.Client.Tests.Integration.Infra.Core\Samples.WinRT.Client.Tests.Integration.Infra.Core.csproj", "{7B1EA1D1-A935-4C04-901D-37588FA09888}"
EndProject
Project("{2150E333-8FDC-42A3-9474-1A3956D46DE8}") = "Specs", "Specs", "{E6A51839-5225-4E2C-829A-359BC2CBDFA2}"
EndProject
Project("{FAE04EC0-301F-11D3-BF4B-00C04F79EFBC}") = "Samples.WinRT.Client.Tests.Specs", "Samples.WinRT.Client.Tests.Specs\Samples.WinRT.Client.Tests.Specs.csproj", "{9E8AD53B-009B-433D-8FD7-4C0878174223}"
EndProject
Project("{FAE04EC0-301F-11D3-BF4B-00C04F79EFBC}") = "Samples.WinRT.Client.Tests.Steps", "Samples.WinRT.Client.Tests.Steps\Samples.WinRT.Client.Tests.Steps.csproj", "{718C92E0-CAFE-43AF-97EC-869BC8E9482F}"
EndProject
Global
	GlobalSection(SolutionConfigurationPlatforms) = preSolution
		Debug|Any CPU = Debug|Any CPU
		Debug|ARM = Debug|ARM
		Debug|x64 = Debug|x64
		Debug|x86 = Debug|x86
		DebugWithFake|Any CPU = DebugWithFake|Any CPU
		DebugWithFake|ARM = DebugWithFake|ARM
		DebugWithFake|x64 = DebugWithFake|x64
		DebugWithFake|x86 = DebugWithFake|x86
		DebugWithReal|Any CPU = DebugWithReal|Any CPU
		DebugWithReal|ARM = DebugWithReal|ARM
		DebugWithReal|x64 = DebugWithReal|x64
		DebugWithReal|x86 = DebugWithReal|x86
		Release|Any CPU = Release|Any CPU
		Release|ARM = Release|ARM
		Release|x64 = Release|x64
		Release|x86 = Release|x86
	EndGlobalSection
	GlobalSection(ProjectConfigurationPlatforms) = postSolution
		{D2432BC9-C269-47CA-85AC-7B1F79BDD2B7}.Debug|Any CPU.ActiveCfg = Debug|Any CPU
		{D2432BC9-C269-47CA-85AC-7B1F79BDD2B7}.Debug|Any CPU.Build.0 = Debug|Any CPU
		{D2432BC9-C269-47CA-85AC-7B1F79BDD2B7}.Debug|ARM.ActiveCfg = Debug|Any CPU
		{D2432BC9-C269-47CA-85AC-7B1F79BDD2B7}.Debug|ARM.Build.0 = Debug|Any CPU
		{D2432BC9-C269-47CA-85AC-7B1F79BDD2B7}.Debug|x64.ActiveCfg = Debug|Any CPU
		{D2432BC9-C269-47CA-85AC-7B1F79BDD2B7}.Debug|x64.Build.0 = Debug|Any CPU
		{D2432BC9-C269-47CA-85AC-7B1F79BDD2B7}.Debug|x86.ActiveCfg = Debug|Any CPU
		{D2432BC9-C269-47CA-85AC-7B1F79BDD2B7}.Debug|x86.Build.0 = Debug|Any CPU
		{D2432BC9-C269-47CA-85AC-7B1F79BDD2B7}.DebugWithFake|Any CPU.ActiveCfg = DebugWithFake|Any CPU
		{D2432BC9-C269-47CA-85AC-7B1F79BDD2B7}.DebugWithFake|Any CPU.Build.0 = DebugWithFake|Any CPU
		{D2432BC9-C269-47CA-85AC-7B1F79BDD2B7}.DebugWithFake|ARM.ActiveCfg = DebugWithFake|Any CPU
		{D2432BC9-C269-47CA-85AC-7B1F79BDD2B7}.DebugWithFake|ARM.Build.0 = DebugWithFake|Any CPU
		{D2432BC9-C269-47CA-85AC-7B1F79BDD2B7}.DebugWithFake|x64.ActiveCfg = DebugWithFake|Any CPU
		{D2432BC9-C269-47CA-85AC-7B1F79BDD2B7}.DebugWithFake|x64.Build.0 = DebugWithFake|Any CPU
		{D2432BC9-C269-47CA-85AC-7B1F79BDD2B7}.DebugWithFake|x86.ActiveCfg = DebugWithFake|Any CPU
		{D2432BC9-C269-47CA-85AC-7B1F79BDD2B7}.DebugWithFake|x86.Build.0 = DebugWithFake|Any CPU
		{D2432BC9-C269-47CA-85AC-7B1F79BDD2B7}.DebugWithReal|Any CPU.ActiveCfg = DebugWithReal|Any CPU
		{D2432BC9-C269-47CA-85AC-7B1F79BDD2B7}.DebugWithReal|Any CPU.Build.0 = DebugWithReal|Any CPU
		{D2432BC9-C269-47CA-85AC-7B1F79BDD2B7}.DebugWithReal|ARM.ActiveCfg = DebugWithReal|Any CPU
		{D2432BC9-C269-47CA-85AC-7B1F79BDD2B7}.DebugWithReal|ARM.Build.0 = DebugWithReal|Any CPU
		{D2432BC9-C269-47CA-85AC-7B1F79BDD2B7}.DebugWithReal|x64.ActiveCfg = DebugWithReal|Any CPU
		{D2432BC9-C269-47CA-85AC-7B1F79BDD2B7}.DebugWithReal|x64.Build.0 = DebugWithReal|Any CPU
		{D2432BC9-C269-47CA-85AC-7B1F79BDD2B7}.DebugWithReal|x86.ActiveCfg = DebugWithReal|Any CPU
		{D2432BC9-C269-47CA-85AC-7B1F79BDD2B7}.DebugWithReal|x86.Build.0 = DebugWithReal|Any CPU
		{D2432BC9-C269-47CA-85AC-7B1F79BDD2B7}.Release|Any CPU.ActiveCfg = Release|Any CPU
		{D2432BC9-C269-47CA-85AC-7B1F79BDD2B7}.Release|Any CPU.Build.0 = Release|Any CPU
		{D2432BC9-C269-47CA-85AC-7B1F79BDD2B7}.Release|ARM.ActiveCfg = Release|Any CPU
		{D2432BC9-C269-47CA-85AC-7B1F79BDD2B7}.Release|ARM.Build.0 = Release|Any CPU
		{D2432BC9-C269-47CA-85AC-7B1F79BDD2B7}.Release|x64.ActiveCfg = Release|Any CPU
		{D2432BC9-C269-47CA-85AC-7B1F79BDD2B7}.Release|x64.Build.0 = Release|Any CPU
		{D2432BC9-C269-47CA-85AC-7B1F79BDD2B7}.Release|x86.ActiveCfg = Release|Any CPU
		{D2432BC9-C269-47CA-85AC-7B1F79BDD2B7}.Release|x86.Build.0 = Release|Any CPU
		{8A567338-89FB-49AA-80FE-B47AE861D6A7}.Debug|Any CPU.ActiveCfg = Debug|Any CPU
		{8A567338-89FB-49AA-80FE-B47AE861D6A7}.Debug|Any CPU.Build.0 = Debug|Any CPU
		{8A567338-89FB-49AA-80FE-B47AE861D6A7}.Debug|ARM.ActiveCfg = Debug|Any CPU
		{8A567338-89FB-49AA-80FE-B47AE861D6A7}.Debug|ARM.Build.0 = Debug|Any CPU
		{8A567338-89FB-49AA-80FE-B47AE861D6A7}.Debug|x64.ActiveCfg = Debug|Any CPU
		{8A567338-89FB-49AA-80FE-B47AE861D6A7}.Debug|x64.Build.0 = Debug|Any CPU
		{8A567338-89FB-49AA-80FE-B47AE861D6A7}.Debug|x86.ActiveCfg = Debug|Any CPU
		{8A567338-89FB-49AA-80FE-B47AE861D6A7}.Debug|x86.Build.0 = Debug|Any CPU
		{8A567338-89FB-49AA-80FE-B47AE861D6A7}.DebugWithFake|Any CPU.ActiveCfg = DebugWithFake|Any CPU
		{8A567338-89FB-49AA-80FE-B47AE861D6A7}.DebugWithFake|Any CPU.Build.0 = DebugWithFake|Any CPU
		{8A567338-89FB-49AA-80FE-B47AE861D6A7}.DebugWithFake|ARM.ActiveCfg = DebugWithFake|Any CPU
		{8A567338-89FB-49AA-80FE-B47AE861D6A7}.DebugWithFake|ARM.Build.0 = DebugWithFake|Any CPU
		{8A567338-89FB-49AA-80FE-B47AE861D6A7}.DebugWithFake|x64.ActiveCfg = DebugWithFake|Any CPU
		{8A567338-89FB-49AA-80FE-B47AE861D6A7}.DebugWithFake|x64.Build.0 = DebugWithFake|Any CPU
		{8A567338-89FB-49AA-80FE-B47AE861D6A7}.DebugWithFake|x86.ActiveCfg = DebugWithFake|Any CPU
		{8A567338-89FB-49AA-80FE-B47AE861D6A7}.DebugWithFake|x86.Build.0 = DebugWithFake|Any CPU
		{8A567338-89FB-49AA-80FE-B47AE861D6A7}.DebugWithReal|Any CPU.ActiveCfg = DebugWithReal|Any CPU
		{8A567338-89FB-49AA-80FE-B47AE861D6A7}.DebugWithReal|Any CPU.Build.0 = DebugWithReal|Any CPU
		{8A567338-89FB-49AA-80FE-B47AE861D6A7}.DebugWithReal|ARM.ActiveCfg = DebugWithReal|Any CPU
		{8A567338-89FB-49AA-80FE-B47AE861D6A7}.DebugWithReal|ARM.Build.0 = DebugWithReal|Any CPU
		{8A567338-89FB-49AA-80FE-B47AE861D6A7}.DebugWithReal|x64.ActiveCfg = DebugWithReal|Any CPU
		{8A567338-89FB-49AA-80FE-B47AE861D6A7}.DebugWithReal|x64.Build.0 = DebugWithReal|Any CPU
		{8A567338-89FB-49AA-80FE-B47AE861D6A7}.DebugWithReal|x86.ActiveCfg = DebugWithReal|Any CPU
		{8A567338-89FB-49AA-80FE-B47AE861D6A7}.DebugWithReal|x86.Build.0 = DebugWithReal|Any CPU
		{8A567338-89FB-49AA-80FE-B47AE861D6A7}.Release|Any CPU.ActiveCfg = Release|Any CPU
		{8A567338-89FB-49AA-80FE-B47AE861D6A7}.Release|Any CPU.Build.0 = Release|Any CPU
		{8A567338-89FB-49AA-80FE-B47AE861D6A7}.Release|ARM.ActiveCfg = Release|Any CPU
		{8A567338-89FB-49AA-80FE-B47AE861D6A7}.Release|ARM.Build.0 = Release|Any CPU
		{8A567338-89FB-49AA-80FE-B47AE861D6A7}.Release|x64.ActiveCfg = Release|Any CPU
		{8A567338-89FB-49AA-80FE-B47AE861D6A7}.Release|x64.Build.0 = Release|Any CPU
		{8A567338-89FB-49AA-80FE-B47AE861D6A7}.Release|x86.ActiveCfg = Release|Any CPU
		{8A567338-89FB-49AA-80FE-B47AE861D6A7}.Release|x86.Build.0 = Release|Any CPU
		{AD12275A-AEB6-4DE1-8B9F-49AE7A161873}.Debug|Any CPU.ActiveCfg = Debug|Any CPU
		{AD12275A-AEB6-4DE1-8B9F-49AE7A161873}.Debug|Any CPU.Build.0 = Debug|Any CPU
		{AD12275A-AEB6-4DE1-8B9F-49AE7A161873}.Debug|ARM.ActiveCfg = Debug|Any CPU
		{AD12275A-AEB6-4DE1-8B9F-49AE7A161873}.Debug|ARM.Build.0 = Debug|Any CPU
		{AD12275A-AEB6-4DE1-8B9F-49AE7A161873}.Debug|x64.ActiveCfg = Debug|Any CPU
		{AD12275A-AEB6-4DE1-8B9F-49AE7A161873}.Debug|x64.Build.0 = Debug|Any CPU
		{AD12275A-AEB6-4DE1-8B9F-49AE7A161873}.Debug|x86.ActiveCfg = Debug|Any CPU
		{AD12275A-AEB6-4DE1-8B9F-49AE7A161873}.Debug|x86.Build.0 = Debug|Any CPU
		{AD12275A-AEB6-4DE1-8B9F-49AE7A161873}.DebugWithFake|Any CPU.ActiveCfg = DebugWithFake|Any CPU
		{AD12275A-AEB6-4DE1-8B9F-49AE7A161873}.DebugWithFake|Any CPU.Build.0 = DebugWithFake|Any CPU
		{AD12275A-AEB6-4DE1-8B9F-49AE7A161873}.DebugWithFake|ARM.ActiveCfg = DebugWithFake|Any CPU
		{AD12275A-AEB6-4DE1-8B9F-49AE7A161873}.DebugWithFake|ARM.Build.0 = DebugWithFake|Any CPU
		{AD12275A-AEB6-4DE1-8B9F-49AE7A161873}.DebugWithFake|x64.ActiveCfg = DebugWithFake|Any CPU
		{AD12275A-AEB6-4DE1-8B9F-49AE7A161873}.DebugWithFake|x64.Build.0 = DebugWithFake|Any CPU
		{AD12275A-AEB6-4DE1-8B9F-49AE7A161873}.DebugWithFake|x86.ActiveCfg = DebugWithFake|Any CPU
		{AD12275A-AEB6-4DE1-8B9F-49AE7A161873}.DebugWithFake|x86.Build.0 = DebugWithFake|Any CPU
		{AD12275A-AEB6-4DE1-8B9F-49AE7A161873}.DebugWithReal|Any CPU.ActiveCfg = DebugWithReal|Any CPU
		{AD12275A-AEB6-4DE1-8B9F-49AE7A161873}.DebugWithReal|Any CPU.Build.0 = DebugWithReal|Any CPU
		{AD12275A-AEB6-4DE1-8B9F-49AE7A161873}.DebugWithReal|ARM.ActiveCfg = DebugWithReal|Any CPU
		{AD12275A-AEB6-4DE1-8B9F-49AE7A161873}.DebugWithReal|ARM.Build.0 = DebugWithReal|Any CPU
		{AD12275A-AEB6-4DE1-8B9F-49AE7A161873}.DebugWithReal|x64.ActiveCfg = DebugWithReal|Any CPU
		{AD12275A-AEB6-4DE1-8B9F-49AE7A161873}.DebugWithReal|x64.Build.0 = DebugWithReal|Any CPU
		{AD12275A-AEB6-4DE1-8B9F-49AE7A161873}.DebugWithReal|x86.ActiveCfg = DebugWithReal|Any CPU
		{AD12275A-AEB6-4DE1-8B9F-49AE7A161873}.DebugWithReal|x86.Build.0 = DebugWithReal|Any CPU
		{AD12275A-AEB6-4DE1-8B9F-49AE7A161873}.Release|Any CPU.ActiveCfg = Release|Any CPU
		{AD12275A-AEB6-4DE1-8B9F-49AE7A161873}.Release|Any CPU.Build.0 = Release|Any CPU
		{AD12275A-AEB6-4DE1-8B9F-49AE7A161873}.Release|ARM.ActiveCfg = Release|Any CPU
		{AD12275A-AEB6-4DE1-8B9F-49AE7A161873}.Release|ARM.Build.0 = Release|Any CPU
		{AD12275A-AEB6-4DE1-8B9F-49AE7A161873}.Release|x64.ActiveCfg = Release|Any CPU
		{AD12275A-AEB6-4DE1-8B9F-49AE7A161873}.Release|x64.Build.0 = Release|Any CPU
		{AD12275A-AEB6-4DE1-8B9F-49AE7A161873}.Release|x86.ActiveCfg = Release|Any CPU
		{AD12275A-AEB6-4DE1-8B9F-49AE7A161873}.Release|x86.Build.0 = Release|Any CPU
		{B9B61E48-888E-4347-8DFE-F41DAC4A1F2F}.Debug|Any CPU.ActiveCfg = Debug|Any CPU
		{B9B61E48-888E-4347-8DFE-F41DAC4A1F2F}.Debug|Any CPU.Build.0 = Debug|Any CPU
		{B9B61E48-888E-4347-8DFE-F41DAC4A1F2F}.Debug|ARM.ActiveCfg = Debug|ARM
		{B9B61E48-888E-4347-8DFE-F41DAC4A1F2F}.Debug|ARM.Build.0 = Debug|ARM
		{B9B61E48-888E-4347-8DFE-F41DAC4A1F2F}.Debug|x64.ActiveCfg = Debug|x64
		{B9B61E48-888E-4347-8DFE-F41DAC4A1F2F}.Debug|x64.Build.0 = Debug|x64
		{B9B61E48-888E-4347-8DFE-F41DAC4A1F2F}.Debug|x86.ActiveCfg = Debug|x86
		{B9B61E48-888E-4347-8DFE-F41DAC4A1F2F}.Debug|x86.Build.0 = Debug|x86
		{B9B61E48-888E-4347-8DFE-F41DAC4A1F2F}.DebugWithFake|Any CPU.ActiveCfg = DebugWithFake|Any CPU
		{B9B61E48-888E-4347-8DFE-F41DAC4A1F2F}.DebugWithFake|Any CPU.Build.0 = DebugWithFake|Any CPU
		{B9B61E48-888E-4347-8DFE-F41DAC4A1F2F}.DebugWithFake|ARM.ActiveCfg = DebugWithFake|ARM
		{B9B61E48-888E-4347-8DFE-F41DAC4A1F2F}.DebugWithFake|ARM.Build.0 = DebugWithFake|ARM
		{B9B61E48-888E-4347-8DFE-F41DAC4A1F2F}.DebugWithFake|x64.ActiveCfg = DebugWithFake|x64
		{B9B61E48-888E-4347-8DFE-F41DAC4A1F2F}.DebugWithFake|x64.Build.0 = DebugWithFake|x64
		{B9B61E48-888E-4347-8DFE-F41DAC4A1F2F}.DebugWithFake|x86.ActiveCfg = DebugWithFake|x86
		{B9B61E48-888E-4347-8DFE-F41DAC4A1F2F}.DebugWithFake|x86.Build.0 = DebugWithFake|x86
		{B9B61E48-888E-4347-8DFE-F41DAC4A1F2F}.DebugWithReal|Any CPU.ActiveCfg = DebugWithReal|Any CPU
		{B9B61E48-888E-4347-8DFE-F41DAC4A1F2F}.DebugWithReal|Any CPU.Build.0 = DebugWithReal|Any CPU
		{B9B61E48-888E-4347-8DFE-F41DAC4A1F2F}.DebugWithReal|ARM.ActiveCfg = DebugWithReal|ARM
		{B9B61E48-888E-4347-8DFE-F41DAC4A1F2F}.DebugWithReal|ARM.Build.0 = DebugWithReal|ARM
		{B9B61E48-888E-4347-8DFE-F41DAC4A1F2F}.DebugWithReal|x64.ActiveCfg = DebugWithReal|x64
		{B9B61E48-888E-4347-8DFE-F41DAC4A1F2F}.DebugWithReal|x64.Build.0 = DebugWithReal|x64
		{B9B61E48-888E-4347-8DFE-F41DAC4A1F2F}.DebugWithReal|x86.ActiveCfg = DebugWithReal|x86
		{B9B61E48-888E-4347-8DFE-F41DAC4A1F2F}.DebugWithReal|x86.Build.0 = DebugWithReal|x86
		{B9B61E48-888E-4347-8DFE-F41DAC4A1F2F}.Release|Any CPU.ActiveCfg = Release|Any CPU
		{B9B61E48-888E-4347-8DFE-F41DAC4A1F2F}.Release|Any CPU.Build.0 = Release|Any CPU
		{B9B61E48-888E-4347-8DFE-F41DAC4A1F2F}.Release|ARM.ActiveCfg = Release|ARM
		{B9B61E48-888E-4347-8DFE-F41DAC4A1F2F}.Release|ARM.Build.0 = Release|ARM
		{B9B61E48-888E-4347-8DFE-F41DAC4A1F2F}.Release|x64.ActiveCfg = Release|x64
		{B9B61E48-888E-4347-8DFE-F41DAC4A1F2F}.Release|x64.Build.0 = Release|x64
		{B9B61E48-888E-4347-8DFE-F41DAC4A1F2F}.Release|x86.ActiveCfg = Release|x86
		{B9B61E48-888E-4347-8DFE-F41DAC4A1F2F}.Release|x86.Build.0 = Release|x86
		{7B20CB05-4318-4288-AD78-D393B5355453}.Debug|Any CPU.ActiveCfg = Debug|Any CPU
		{7B20CB05-4318-4288-AD78-D393B5355453}.Debug|Any CPU.Build.0 = Debug|Any CPU
		{7B20CB05-4318-4288-AD78-D393B5355453}.Debug|ARM.ActiveCfg = Debug|ARM
		{7B20CB05-4318-4288-AD78-D393B5355453}.Debug|ARM.Build.0 = Debug|ARM
		{7B20CB05-4318-4288-AD78-D393B5355453}.Debug|x64.ActiveCfg = Debug|x64
		{7B20CB05-4318-4288-AD78-D393B5355453}.Debug|x64.Build.0 = Debug|x64
		{7B20CB05-4318-4288-AD78-D393B5355453}.Debug|x86.ActiveCfg = Debug|x86
		{7B20CB05-4318-4288-AD78-D393B5355453}.Debug|x86.Build.0 = Debug|x86
		{7B20CB05-4318-4288-AD78-D393B5355453}.DebugWithFake|Any CPU.ActiveCfg = DebugWithFake|Any CPU
		{7B20CB05-4318-4288-AD78-D393B5355453}.DebugWithFake|Any CPU.Build.0 = DebugWithFake|Any CPU
		{7B20CB05-4318-4288-AD78-D393B5355453}.DebugWithFake|ARM.ActiveCfg = DebugWithFake|ARM
		{7B20CB05-4318-4288-AD78-D393B5355453}.DebugWithFake|ARM.Build.0 = DebugWithFake|ARM
		{7B20CB05-4318-4288-AD78-D393B5355453}.DebugWithFake|x64.ActiveCfg = DebugWithFake|x64
		{7B20CB05-4318-4288-AD78-D393B5355453}.DebugWithFake|x64.Build.0 = DebugWithFake|x64
		{7B20CB05-4318-4288-AD78-D393B5355453}.DebugWithFake|x86.ActiveCfg = DebugWithFake|x86
		{7B20CB05-4318-4288-AD78-D393B5355453}.DebugWithFake|x86.Build.0 = DebugWithFake|x86
		{7B20CB05-4318-4288-AD78-D393B5355453}.DebugWithReal|Any CPU.ActiveCfg = DebugWithReal|Any CPU
		{7B20CB05-4318-4288-AD78-D393B5355453}.DebugWithReal|Any CPU.Build.0 = DebugWithReal|Any CPU
		{7B20CB05-4318-4288-AD78-D393B5355453}.DebugWithReal|ARM.ActiveCfg = DebugWithReal|ARM
		{7B20CB05-4318-4288-AD78-D393B5355453}.DebugWithReal|ARM.Build.0 = DebugWithReal|ARM
		{7B20CB05-4318-4288-AD78-D393B5355453}.DebugWithReal|x64.ActiveCfg = DebugWithReal|x64
		{7B20CB05-4318-4288-AD78-D393B5355453}.DebugWithReal|x64.Build.0 = DebugWithReal|x64
		{7B20CB05-4318-4288-AD78-D393B5355453}.DebugWithReal|x86.ActiveCfg = DebugWithReal|x86
		{7B20CB05-4318-4288-AD78-D393B5355453}.DebugWithReal|x86.Build.0 = DebugWithReal|x86
		{7B20CB05-4318-4288-AD78-D393B5355453}.Release|Any CPU.ActiveCfg = Release|Any CPU
		{7B20CB05-4318-4288-AD78-D393B5355453}.Release|Any CPU.Build.0 = Release|Any CPU
		{7B20CB05-4318-4288-AD78-D393B5355453}.Release|ARM.ActiveCfg = Release|ARM
		{7B20CB05-4318-4288-AD78-D393B5355453}.Release|ARM.Build.0 = Release|ARM
		{7B20CB05-4318-4288-AD78-D393B5355453}.Release|x64.ActiveCfg = Release|x64
		{7B20CB05-4318-4288-AD78-D393B5355453}.Release|x64.Build.0 = Release|x64
		{7B20CB05-4318-4288-AD78-D393B5355453}.Release|x86.ActiveCfg = Release|x86
		{7B20CB05-4318-4288-AD78-D393B5355453}.Release|x86.Build.0 = Release|x86
		{536D34E4-A409-4567-B7C6-58F50206740E}.Debug|Any CPU.ActiveCfg = Debug|Any CPU
		{536D34E4-A409-4567-B7C6-58F50206740E}.Debug|Any CPU.Build.0 = Debug|Any CPU
		{536D34E4-A409-4567-B7C6-58F50206740E}.Debug|ARM.ActiveCfg = Debug|Any CPU
		{536D34E4-A409-4567-B7C6-58F50206740E}.Debug|ARM.Build.0 = Debug|Any CPU
		{536D34E4-A409-4567-B7C6-58F50206740E}.Debug|x64.ActiveCfg = Debug|Any CPU
		{536D34E4-A409-4567-B7C6-58F50206740E}.Debug|x64.Build.0 = Debug|Any CPU
		{536D34E4-A409-4567-B7C6-58F50206740E}.Debug|x86.ActiveCfg = Debug|Any CPU
		{536D34E4-A409-4567-B7C6-58F50206740E}.Debug|x86.Build.0 = Debug|Any CPU
		{536D34E4-A409-4567-B7C6-58F50206740E}.DebugWithFake|Any CPU.ActiveCfg = DebugWithFake|Any CPU
		{536D34E4-A409-4567-B7C6-58F50206740E}.DebugWithFake|Any CPU.Build.0 = DebugWithFake|Any CPU
		{536D34E4-A409-4567-B7C6-58F50206740E}.DebugWithFake|ARM.ActiveCfg = DebugWithFake|Any CPU
		{536D34E4-A409-4567-B7C6-58F50206740E}.DebugWithFake|ARM.Build.0 = DebugWithFake|Any CPU
		{536D34E4-A409-4567-B7C6-58F50206740E}.DebugWithFake|x64.ActiveCfg = DebugWithFake|Any CPU
		{536D34E4-A409-4567-B7C6-58F50206740E}.DebugWithFake|x64.Build.0 = DebugWithFake|Any CPU
		{536D34E4-A409-4567-B7C6-58F50206740E}.DebugWithFake|x86.ActiveCfg = DebugWithFake|Any CPU
		{536D34E4-A409-4567-B7C6-58F50206740E}.DebugWithFake|x86.Build.0 = DebugWithFake|Any CPU
		{536D34E4-A409-4567-B7C6-58F50206740E}.DebugWithReal|Any CPU.ActiveCfg = DebugWithReal|Any CPU
		{536D34E4-A409-4567-B7C6-58F50206740E}.DebugWithReal|Any CPU.Build.0 = DebugWithReal|Any CPU
		{536D34E4-A409-4567-B7C6-58F50206740E}.DebugWithReal|ARM.ActiveCfg = DebugWithReal|Any CPU
		{536D34E4-A409-4567-B7C6-58F50206740E}.DebugWithReal|ARM.Build.0 = DebugWithReal|Any CPU
		{536D34E4-A409-4567-B7C6-58F50206740E}.DebugWithReal|x64.ActiveCfg = DebugWithReal|Any CPU
		{536D34E4-A409-4567-B7C6-58F50206740E}.DebugWithReal|x64.Build.0 = DebugWithReal|Any CPU
		{536D34E4-A409-4567-B7C6-58F50206740E}.DebugWithReal|x86.ActiveCfg = DebugWithReal|Any CPU
		{536D34E4-A409-4567-B7C6-58F50206740E}.DebugWithReal|x86.Build.0 = DebugWithReal|Any CPU
		{536D34E4-A409-4567-B7C6-58F50206740E}.Release|Any CPU.ActiveCfg = Release|Any CPU
		{536D34E4-A409-4567-B7C6-58F50206740E}.Release|Any CPU.Build.0 = Release|Any CPU
		{536D34E4-A409-4567-B7C6-58F50206740E}.Release|ARM.ActiveCfg = Release|Any CPU
		{536D34E4-A409-4567-B7C6-58F50206740E}.Release|ARM.Build.0 = Release|Any CPU
		{536D34E4-A409-4567-B7C6-58F50206740E}.Release|x64.ActiveCfg = Release|Any CPU
		{536D34E4-A409-4567-B7C6-58F50206740E}.Release|x64.Build.0 = Release|Any CPU
		{536D34E4-A409-4567-B7C6-58F50206740E}.Release|x86.ActiveCfg = Release|Any CPU
		{536D34E4-A409-4567-B7C6-58F50206740E}.Release|x86.Build.0 = Release|Any CPU
		{33766857-5FCE-4C2C-B167-E76A9F521FF0}.Debug|Any CPU.ActiveCfg = Debug|Any CPU
		{33766857-5FCE-4C2C-B167-E76A9F521FF0}.Debug|Any CPU.Build.0 = Debug|Any CPU
		{33766857-5FCE-4C2C-B167-E76A9F521FF0}.Debug|ARM.ActiveCfg = Debug|Any CPU
		{33766857-5FCE-4C2C-B167-E76A9F521FF0}.Debug|ARM.Build.0 = Debug|Any CPU
		{33766857-5FCE-4C2C-B167-E76A9F521FF0}.Debug|x64.ActiveCfg = Debug|Any CPU
		{33766857-5FCE-4C2C-B167-E76A9F521FF0}.Debug|x64.Build.0 = Debug|Any CPU
		{33766857-5FCE-4C2C-B167-E76A9F521FF0}.Debug|x86.ActiveCfg = Debug|Any CPU
		{33766857-5FCE-4C2C-B167-E76A9F521FF0}.Debug|x86.Build.0 = Debug|Any CPU
		{33766857-5FCE-4C2C-B167-E76A9F521FF0}.DebugWithFake|Any CPU.ActiveCfg = DebugWithFake|Any CPU
		{33766857-5FCE-4C2C-B167-E76A9F521FF0}.DebugWithFake|Any CPU.Build.0 = DebugWithFake|Any CPU
		{33766857-5FCE-4C2C-B167-E76A9F521FF0}.DebugWithFake|ARM.ActiveCfg = DebugWithFake|Any CPU
		{33766857-5FCE-4C2C-B167-E76A9F521FF0}.DebugWithFake|ARM.Build.0 = DebugWithFake|Any CPU
		{33766857-5FCE-4C2C-B167-E76A9F521FF0}.DebugWithFake|x64.ActiveCfg = DebugWithFake|Any CPU
		{33766857-5FCE-4C2C-B167-E76A9F521FF0}.DebugWithFake|x64.Build.0 = DebugWithFake|Any CPU
		{33766857-5FCE-4C2C-B167-E76A9F521FF0}.DebugWithFake|x86.ActiveCfg = DebugWithFake|Any CPU
		{33766857-5FCE-4C2C-B167-E76A9F521FF0}.DebugWithFake|x86.Build.0 = DebugWithFake|Any CPU
		{33766857-5FCE-4C2C-B167-E76A9F521FF0}.DebugWithReal|Any CPU.ActiveCfg = DebugWithReal|Any CPU
		{33766857-5FCE-4C2C-B167-E76A9F521FF0}.DebugWithReal|Any CPU.Build.0 = DebugWithReal|Any CPU
		{33766857-5FCE-4C2C-B167-E76A9F521FF0}.DebugWithReal|ARM.ActiveCfg = DebugWithReal|Any CPU
		{33766857-5FCE-4C2C-B167-E76A9F521FF0}.DebugWithReal|ARM.Build.0 = DebugWithReal|Any CPU
		{33766857-5FCE-4C2C-B167-E76A9F521FF0}.DebugWithReal|x64.ActiveCfg = DebugWithReal|Any CPU
		{33766857-5FCE-4C2C-B167-E76A9F521FF0}.DebugWithReal|x64.Build.0 = DebugWithReal|Any CPU
		{33766857-5FCE-4C2C-B167-E76A9F521FF0}.DebugWithReal|x86.ActiveCfg = DebugWithReal|Any CPU
		{33766857-5FCE-4C2C-B167-E76A9F521FF0}.DebugWithReal|x86.Build.0 = DebugWithReal|Any CPU
		{33766857-5FCE-4C2C-B167-E76A9F521FF0}.Release|Any CPU.ActiveCfg = Release|Any CPU
		{33766857-5FCE-4C2C-B167-E76A9F521FF0}.Release|Any CPU.Build.0 = Release|Any CPU
		{33766857-5FCE-4C2C-B167-E76A9F521FF0}.Release|ARM.ActiveCfg = Release|Any CPU
		{33766857-5FCE-4C2C-B167-E76A9F521FF0}.Release|ARM.Build.0 = Release|Any CPU
		{33766857-5FCE-4C2C-B167-E76A9F521FF0}.Release|x64.ActiveCfg = Release|Any CPU
		{33766857-5FCE-4C2C-B167-E76A9F521FF0}.Release|x64.Build.0 = Release|Any CPU
		{33766857-5FCE-4C2C-B167-E76A9F521FF0}.Release|x86.ActiveCfg = Release|Any CPU
		{33766857-5FCE-4C2C-B167-E76A9F521FF0}.Release|x86.Build.0 = Release|Any CPU
		{49724A56-9FA9-44C4-B731-1E414EE598BC}.Debug|Any CPU.ActiveCfg = Debug|Any CPU
		{49724A56-9FA9-44C4-B731-1E414EE598BC}.Debug|Any CPU.Build.0 = Debug|Any CPU
		{49724A56-9FA9-44C4-B731-1E414EE598BC}.Debug|ARM.ActiveCfg = Debug|Any CPU
		{49724A56-9FA9-44C4-B731-1E414EE598BC}.Debug|ARM.Build.0 = Debug|Any CPU
		{49724A56-9FA9-44C4-B731-1E414EE598BC}.Debug|x64.ActiveCfg = Debug|Any CPU
		{49724A56-9FA9-44C4-B731-1E414EE598BC}.Debug|x64.Build.0 = Debug|Any CPU
		{49724A56-9FA9-44C4-B731-1E414EE598BC}.Debug|x86.ActiveCfg = Debug|Any CPU
		{49724A56-9FA9-44C4-B731-1E414EE598BC}.Debug|x86.Build.0 = Debug|Any CPU
		{49724A56-9FA9-44C4-B731-1E414EE598BC}.DebugWithFake|Any CPU.ActiveCfg = DebugWithFake|Any CPU
		{49724A56-9FA9-44C4-B731-1E414EE598BC}.DebugWithFake|Any CPU.Build.0 = DebugWithFake|Any CPU
		{49724A56-9FA9-44C4-B731-1E414EE598BC}.DebugWithFake|ARM.ActiveCfg = DebugWithFake|Any CPU
		{49724A56-9FA9-44C4-B731-1E414EE598BC}.DebugWithFake|ARM.Build.0 = DebugWithFake|Any CPU
		{49724A56-9FA9-44C4-B731-1E414EE598BC}.DebugWithFake|x64.ActiveCfg = DebugWithFake|Any CPU
		{49724A56-9FA9-44C4-B731-1E414EE598BC}.DebugWithFake|x64.Build.0 = DebugWithFake|Any CPU
		{49724A56-9FA9-44C4-B731-1E414EE598BC}.DebugWithFake|x86.ActiveCfg = DebugWithFake|Any CPU
		{49724A56-9FA9-44C4-B731-1E414EE598BC}.DebugWithFake|x86.Build.0 = DebugWithFake|Any CPU
		{49724A56-9FA9-44C4-B731-1E414EE598BC}.DebugWithReal|Any CPU.ActiveCfg = DebugWithReal|Any CPU
		{49724A56-9FA9-44C4-B731-1E414EE598BC}.DebugWithReal|Any CPU.Build.0 = DebugWithReal|Any CPU
		{49724A56-9FA9-44C4-B731-1E414EE598BC}.DebugWithReal|ARM.ActiveCfg = DebugWithReal|Any CPU
		{49724A56-9FA9-44C4-B731-1E414EE598BC}.DebugWithReal|ARM.Build.0 = DebugWithReal|Any CPU
		{49724A56-9FA9-44C4-B731-1E414EE598BC}.DebugWithReal|x64.ActiveCfg = DebugWithReal|Any CPU
		{49724A56-9FA9-44C4-B731-1E414EE598BC}.DebugWithReal|x64.Build.0 = DebugWithReal|Any CPU
		{49724A56-9FA9-44C4-B731-1E414EE598BC}.DebugWithReal|x86.ActiveCfg = DebugWithReal|Any CPU
		{49724A56-9FA9-44C4-B731-1E414EE598BC}.DebugWithReal|x86.Build.0 = DebugWithReal|Any CPU
		{49724A56-9FA9-44C4-B731-1E414EE598BC}.Release|Any CPU.ActiveCfg = Release|Any CPU
		{49724A56-9FA9-44C4-B731-1E414EE598BC}.Release|Any CPU.Build.0 = Release|Any CPU
		{49724A56-9FA9-44C4-B731-1E414EE598BC}.Release|ARM.ActiveCfg = Release|Any CPU
		{49724A56-9FA9-44C4-B731-1E414EE598BC}.Release|ARM.Build.0 = Release|Any CPU
		{49724A56-9FA9-44C4-B731-1E414EE598BC}.Release|x64.ActiveCfg = Release|Any CPU
		{49724A56-9FA9-44C4-B731-1E414EE598BC}.Release|x64.Build.0 = Release|Any CPU
		{49724A56-9FA9-44C4-B731-1E414EE598BC}.Release|x86.ActiveCfg = Release|Any CPU
		{49724A56-9FA9-44C4-B731-1E414EE598BC}.Release|x86.Build.0 = Release|Any CPU
		{FFEB9FD5-739C-40E7-9CC1-87E456817F1A}.Debug|Any CPU.ActiveCfg = Debug|Any CPU
		{FFEB9FD5-739C-40E7-9CC1-87E456817F1A}.Debug|Any CPU.Build.0 = Debug|Any CPU
		{FFEB9FD5-739C-40E7-9CC1-87E456817F1A}.Debug|Any CPU.Deploy.0 = Debug|Any CPU
		{FFEB9FD5-739C-40E7-9CC1-87E456817F1A}.Debug|ARM.ActiveCfg = Debug|ARM
		{FFEB9FD5-739C-40E7-9CC1-87E456817F1A}.Debug|ARM.Build.0 = Debug|ARM
		{FFEB9FD5-739C-40E7-9CC1-87E456817F1A}.Debug|ARM.Deploy.0 = Debug|ARM
		{FFEB9FD5-739C-40E7-9CC1-87E456817F1A}.Debug|x64.ActiveCfg = Debug|x64
		{FFEB9FD5-739C-40E7-9CC1-87E456817F1A}.Debug|x64.Build.0 = Debug|x64
		{FFEB9FD5-739C-40E7-9CC1-87E456817F1A}.Debug|x64.Deploy.0 = Debug|x64
		{FFEB9FD5-739C-40E7-9CC1-87E456817F1A}.Debug|x86.ActiveCfg = Debug|x86
		{FFEB9FD5-739C-40E7-9CC1-87E456817F1A}.Debug|x86.Build.0 = Debug|x86
		{FFEB9FD5-739C-40E7-9CC1-87E456817F1A}.Debug|x86.Deploy.0 = Debug|x86
		{FFEB9FD5-739C-40E7-9CC1-87E456817F1A}.DebugWithFake|Any CPU.ActiveCfg = DebugWithFake|Any CPU
		{FFEB9FD5-739C-40E7-9CC1-87E456817F1A}.DebugWithFake|Any CPU.Build.0 = DebugWithFake|Any CPU
		{FFEB9FD5-739C-40E7-9CC1-87E456817F1A}.DebugWithFake|Any CPU.Deploy.0 = DebugWithFake|Any CPU
		{FFEB9FD5-739C-40E7-9CC1-87E456817F1A}.DebugWithFake|ARM.ActiveCfg = DebugWithFake|ARM
		{FFEB9FD5-739C-40E7-9CC1-87E456817F1A}.DebugWithFake|ARM.Build.0 = DebugWithFake|ARM
		{FFEB9FD5-739C-40E7-9CC1-87E456817F1A}.DebugWithFake|ARM.Deploy.0 = DebugWithFake|ARM
		{FFEB9FD5-739C-40E7-9CC1-87E456817F1A}.DebugWithFake|x64.ActiveCfg = DebugWithFake|x64
		{FFEB9FD5-739C-40E7-9CC1-87E456817F1A}.DebugWithFake|x64.Build.0 = DebugWithFake|x64
		{FFEB9FD5-739C-40E7-9CC1-87E456817F1A}.DebugWithFake|x64.Deploy.0 = DebugWithFake|x64
		{FFEB9FD5-739C-40E7-9CC1-87E456817F1A}.DebugWithFake|x86.ActiveCfg = DebugWithFake|x86
		{FFEB9FD5-739C-40E7-9CC1-87E456817F1A}.DebugWithFake|x86.Build.0 = DebugWithFake|x86
		{FFEB9FD5-739C-40E7-9CC1-87E456817F1A}.DebugWithFake|x86.Deploy.0 = DebugWithFake|x86
		{FFEB9FD5-739C-40E7-9CC1-87E456817F1A}.DebugWithReal|Any CPU.ActiveCfg = DebugWithReal|Any CPU
		{FFEB9FD5-739C-40E7-9CC1-87E456817F1A}.DebugWithReal|Any CPU.Build.0 = DebugWithReal|Any CPU
		{FFEB9FD5-739C-40E7-9CC1-87E456817F1A}.DebugWithReal|Any CPU.Deploy.0 = DebugWithReal|Any CPU
		{FFEB9FD5-739C-40E7-9CC1-87E456817F1A}.DebugWithReal|ARM.ActiveCfg = DebugWithReal|ARM
		{FFEB9FD5-739C-40E7-9CC1-87E456817F1A}.DebugWithReal|ARM.Build.0 = DebugWithReal|ARM
		{FFEB9FD5-739C-40E7-9CC1-87E456817F1A}.DebugWithReal|ARM.Deploy.0 = DebugWithReal|ARM
		{FFEB9FD5-739C-40E7-9CC1-87E456817F1A}.DebugWithReal|x64.ActiveCfg = DebugWithReal|x64
		{FFEB9FD5-739C-40E7-9CC1-87E456817F1A}.DebugWithReal|x64.Build.0 = DebugWithReal|x64
		{FFEB9FD5-739C-40E7-9CC1-87E456817F1A}.DebugWithReal|x64.Deploy.0 = DebugWithReal|x64
		{FFEB9FD5-739C-40E7-9CC1-87E456817F1A}.DebugWithReal|x86.ActiveCfg = DebugWithReal|x86
		{FFEB9FD5-739C-40E7-9CC1-87E456817F1A}.DebugWithReal|x86.Build.0 = DebugWithReal|x86
		{FFEB9FD5-739C-40E7-9CC1-87E456817F1A}.DebugWithReal|x86.Deploy.0 = DebugWithReal|x86
		{FFEB9FD5-739C-40E7-9CC1-87E456817F1A}.Release|Any CPU.ActiveCfg = Release|Any CPU
		{FFEB9FD5-739C-40E7-9CC1-87E456817F1A}.Release|Any CPU.Build.0 = Release|Any CPU
		{FFEB9FD5-739C-40E7-9CC1-87E456817F1A}.Release|Any CPU.Deploy.0 = Release|Any CPU
		{FFEB9FD5-739C-40E7-9CC1-87E456817F1A}.Release|ARM.ActiveCfg = Release|ARM
		{FFEB9FD5-739C-40E7-9CC1-87E456817F1A}.Release|ARM.Build.0 = Release|ARM
		{FFEB9FD5-739C-40E7-9CC1-87E456817F1A}.Release|ARM.Deploy.0 = Release|ARM
		{FFEB9FD5-739C-40E7-9CC1-87E456817F1A}.Release|x64.ActiveCfg = Release|x64
		{FFEB9FD5-739C-40E7-9CC1-87E456817F1A}.Release|x64.Build.0 = Release|x64
		{FFEB9FD5-739C-40E7-9CC1-87E456817F1A}.Release|x64.Deploy.0 = Release|x64
		{FFEB9FD5-739C-40E7-9CC1-87E456817F1A}.Release|x86.ActiveCfg = Release|x86
		{FFEB9FD5-739C-40E7-9CC1-87E456817F1A}.Release|x86.Build.0 = Release|x86
		{FFEB9FD5-739C-40E7-9CC1-87E456817F1A}.Release|x86.Deploy.0 = Release|x86
		{D73E6669-F40F-41CB-B4F9-CEC09DEE7619}.Debug|Any CPU.ActiveCfg = Debug|Any CPU
		{D73E6669-F40F-41CB-B4F9-CEC09DEE7619}.Debug|Any CPU.Build.0 = Debug|Any CPU
		{D73E6669-F40F-41CB-B4F9-CEC09DEE7619}.Debug|ARM.ActiveCfg = Debug|ARM
		{D73E6669-F40F-41CB-B4F9-CEC09DEE7619}.Debug|ARM.Build.0 = Debug|ARM
		{D73E6669-F40F-41CB-B4F9-CEC09DEE7619}.Debug|x64.ActiveCfg = Debug|x64
		{D73E6669-F40F-41CB-B4F9-CEC09DEE7619}.Debug|x64.Build.0 = Debug|x64
		{D73E6669-F40F-41CB-B4F9-CEC09DEE7619}.Debug|x86.ActiveCfg = Debug|x86
		{D73E6669-F40F-41CB-B4F9-CEC09DEE7619}.Debug|x86.Build.0 = Debug|x86
		{D73E6669-F40F-41CB-B4F9-CEC09DEE7619}.DebugWithFake|Any CPU.ActiveCfg = DebugWithFake|Any CPU
		{D73E6669-F40F-41CB-B4F9-CEC09DEE7619}.DebugWithFake|Any CPU.Build.0 = DebugWithFake|Any CPU
		{D73E6669-F40F-41CB-B4F9-CEC09DEE7619}.DebugWithFake|ARM.ActiveCfg = DebugWithFake|ARM
		{D73E6669-F40F-41CB-B4F9-CEC09DEE7619}.DebugWithFake|ARM.Build.0 = DebugWithFake|ARM
		{D73E6669-F40F-41CB-B4F9-CEC09DEE7619}.DebugWithFake|x64.ActiveCfg = DebugWithFake|x64
		{D73E6669-F40F-41CB-B4F9-CEC09DEE7619}.DebugWithFake|x64.Build.0 = DebugWithFake|x64
		{D73E6669-F40F-41CB-B4F9-CEC09DEE7619}.DebugWithFake|x86.ActiveCfg = DebugWithFake|x86
		{D73E6669-F40F-41CB-B4F9-CEC09DEE7619}.DebugWithFake|x86.Build.0 = DebugWithFake|x86
		{D73E6669-F40F-41CB-B4F9-CEC09DEE7619}.DebugWithReal|Any CPU.ActiveCfg = DebugWithReal|Any CPU
		{D73E6669-F40F-41CB-B4F9-CEC09DEE7619}.DebugWithReal|Any CPU.Build.0 = DebugWithReal|Any CPU
		{D73E6669-F40F-41CB-B4F9-CEC09DEE7619}.DebugWithReal|ARM.ActiveCfg = DebugWithReal|ARM
		{D73E6669-F40F-41CB-B4F9-CEC09DEE7619}.DebugWithReal|ARM.Build.0 = DebugWithReal|ARM
		{D73E6669-F40F-41CB-B4F9-CEC09DEE7619}.DebugWithReal|x64.ActiveCfg = DebugWithReal|x64
		{D73E6669-F40F-41CB-B4F9-CEC09DEE7619}.DebugWithReal|x64.Build.0 = DebugWithReal|x64
		{D73E6669-F40F-41CB-B4F9-CEC09DEE7619}.DebugWithReal|x86.ActiveCfg = DebugWithReal|x86
		{D73E6669-F40F-41CB-B4F9-CEC09DEE7619}.DebugWithReal|x86.Build.0 = DebugWithReal|x86
		{D73E6669-F40F-41CB-B4F9-CEC09DEE7619}.Release|Any CPU.ActiveCfg = Release|Any CPU
		{D73E6669-F40F-41CB-B4F9-CEC09DEE7619}.Release|Any CPU.Build.0 = Release|Any CPU
		{D73E6669-F40F-41CB-B4F9-CEC09DEE7619}.Release|ARM.ActiveCfg = Release|ARM
		{D73E6669-F40F-41CB-B4F9-CEC09DEE7619}.Release|ARM.Build.0 = Release|ARM
		{D73E6669-F40F-41CB-B4F9-CEC09DEE7619}.Release|x64.ActiveCfg = Release|x64
		{D73E6669-F40F-41CB-B4F9-CEC09DEE7619}.Release|x64.Build.0 = Release|x64
		{D73E6669-F40F-41CB-B4F9-CEC09DEE7619}.Release|x86.ActiveCfg = Release|x86
		{D73E6669-F40F-41CB-B4F9-CEC09DEE7619}.Release|x86.Build.0 = Release|x86
		{C7D9A43D-CF1A-45B8-96A4-8723631FA685}.Debug|Any CPU.ActiveCfg = Debug|Any CPU
		{C7D9A43D-CF1A-45B8-96A4-8723631FA685}.Debug|Any CPU.Build.0 = Debug|Any CPU
		{C7D9A43D-CF1A-45B8-96A4-8723631FA685}.Debug|ARM.ActiveCfg = Debug|ARM
		{C7D9A43D-CF1A-45B8-96A4-8723631FA685}.Debug|ARM.Build.0 = Debug|ARM
		{C7D9A43D-CF1A-45B8-96A4-8723631FA685}.Debug|x64.ActiveCfg = Debug|x64
		{C7D9A43D-CF1A-45B8-96A4-8723631FA685}.Debug|x64.Build.0 = Debug|x64
		{C7D9A43D-CF1A-45B8-96A4-8723631FA685}.Debug|x86.ActiveCfg = Debug|x86
		{C7D9A43D-CF1A-45B8-96A4-8723631FA685}.Debug|x86.Build.0 = Debug|x86
		{C7D9A43D-CF1A-45B8-96A4-8723631FA685}.DebugWithFake|Any CPU.ActiveCfg = DebugWithFake|Any CPU
		{C7D9A43D-CF1A-45B8-96A4-8723631FA685}.DebugWithFake|Any CPU.Build.0 = DebugWithFake|Any CPU
		{C7D9A43D-CF1A-45B8-96A4-8723631FA685}.DebugWithFake|ARM.ActiveCfg = Debug|ARM
		{C7D9A43D-CF1A-45B8-96A4-8723631FA685}.DebugWithFake|ARM.Build.0 = Debug|ARM
		{C7D9A43D-CF1A-45B8-96A4-8723631FA685}.DebugWithFake|x64.ActiveCfg = Debug|x64
		{C7D9A43D-CF1A-45B8-96A4-8723631FA685}.DebugWithFake|x64.Build.0 = Debug|x64
		{C7D9A43D-CF1A-45B8-96A4-8723631FA685}.DebugWithFake|x86.ActiveCfg = Debug|x86
		{C7D9A43D-CF1A-45B8-96A4-8723631FA685}.DebugWithFake|x86.Build.0 = Debug|x86
		{C7D9A43D-CF1A-45B8-96A4-8723631FA685}.DebugWithReal|Any CPU.ActiveCfg = Debug|Any CPU
		{C7D9A43D-CF1A-45B8-96A4-8723631FA685}.DebugWithReal|Any CPU.Build.0 = Debug|Any CPU
		{C7D9A43D-CF1A-45B8-96A4-8723631FA685}.DebugWithReal|ARM.ActiveCfg = Debug|ARM
		{C7D9A43D-CF1A-45B8-96A4-8723631FA685}.DebugWithReal|ARM.Build.0 = Debug|ARM
		{C7D9A43D-CF1A-45B8-96A4-8723631FA685}.DebugWithReal|x64.ActiveCfg = Debug|x64
		{C7D9A43D-CF1A-45B8-96A4-8723631FA685}.DebugWithReal|x64.Build.0 = Debug|x64
		{C7D9A43D-CF1A-45B8-96A4-8723631FA685}.DebugWithReal|x86.ActiveCfg = Debug|x86
		{C7D9A43D-CF1A-45B8-96A4-8723631FA685}.DebugWithReal|x86.Build.0 = Debug|x86
		{C7D9A43D-CF1A-45B8-96A4-8723631FA685}.Release|Any CPU.ActiveCfg = Release|Any CPU
		{C7D9A43D-CF1A-45B8-96A4-8723631FA685}.Release|Any CPU.Build.0 = Release|Any CPU
		{C7D9A43D-CF1A-45B8-96A4-8723631FA685}.Release|ARM.ActiveCfg = Release|ARM
		{C7D9A43D-CF1A-45B8-96A4-8723631FA685}.Release|ARM.Build.0 = Release|ARM
		{C7D9A43D-CF1A-45B8-96A4-8723631FA685}.Release|x64.ActiveCfg = Release|x64
		{C7D9A43D-CF1A-45B8-96A4-8723631FA685}.Release|x64.Build.0 = Release|x64
		{C7D9A43D-CF1A-45B8-96A4-8723631FA685}.Release|x86.ActiveCfg = Release|x86
		{C7D9A43D-CF1A-45B8-96A4-8723631FA685}.Release|x86.Build.0 = Release|x86
		{D592B9B3-DC21-486C-AEDD-3FA5CE886D7C}.Debug|Any CPU.ActiveCfg = Debug|Any CPU
		{D592B9B3-DC21-486C-AEDD-3FA5CE886D7C}.Debug|Any CPU.Build.0 = Debug|Any CPU
		{D592B9B3-DC21-486C-AEDD-3FA5CE886D7C}.Debug|ARM.ActiveCfg = Debug|ARM
		{D592B9B3-DC21-486C-AEDD-3FA5CE886D7C}.Debug|ARM.Build.0 = Debug|ARM
		{D592B9B3-DC21-486C-AEDD-3FA5CE886D7C}.Debug|x64.ActiveCfg = Debug|x64
		{D592B9B3-DC21-486C-AEDD-3FA5CE886D7C}.Debug|x64.Build.0 = Debug|x64
		{D592B9B3-DC21-486C-AEDD-3FA5CE886D7C}.Debug|x86.ActiveCfg = Debug|x86
		{D592B9B3-DC21-486C-AEDD-3FA5CE886D7C}.Debug|x86.Build.0 = Debug|x86
		{D592B9B3-DC21-486C-AEDD-3FA5CE886D7C}.DebugWithFake|Any CPU.ActiveCfg = Debug|Any CPU
		{D592B9B3-DC21-486C-AEDD-3FA5CE886D7C}.DebugWithFake|Any CPU.Build.0 = Debug|Any CPU
		{D592B9B3-DC21-486C-AEDD-3FA5CE886D7C}.DebugWithFake|ARM.ActiveCfg = Debug|ARM
		{D592B9B3-DC21-486C-AEDD-3FA5CE886D7C}.DebugWithFake|ARM.Build.0 = Debug|ARM
		{D592B9B3-DC21-486C-AEDD-3FA5CE886D7C}.DebugWithFake|x64.ActiveCfg = Debug|x64
		{D592B9B3-DC21-486C-AEDD-3FA5CE886D7C}.DebugWithFake|x64.Build.0 = Debug|x64
		{D592B9B3-DC21-486C-AEDD-3FA5CE886D7C}.DebugWithFake|x86.ActiveCfg = Debug|x86
		{D592B9B3-DC21-486C-AEDD-3FA5CE886D7C}.DebugWithFake|x86.Build.0 = Debug|x86
		{D592B9B3-DC21-486C-AEDD-3FA5CE886D7C}.DebugWithReal|Any CPU.ActiveCfg = Debug|Any CPU
		{D592B9B3-DC21-486C-AEDD-3FA5CE886D7C}.DebugWithReal|Any CPU.Build.0 = Debug|Any CPU
		{D592B9B3-DC21-486C-AEDD-3FA5CE886D7C}.DebugWithReal|ARM.ActiveCfg = Debug|ARM
		{D592B9B3-DC21-486C-AEDD-3FA5CE886D7C}.DebugWithReal|ARM.Build.0 = Debug|ARM
		{D592B9B3-DC21-486C-AEDD-3FA5CE886D7C}.DebugWithReal|x64.ActiveCfg = Debug|x64
		{D592B9B3-DC21-486C-AEDD-3FA5CE886D7C}.DebugWithReal|x64.Build.0 = Debug|x64
		{D592B9B3-DC21-486C-AEDD-3FA5CE886D7C}.DebugWithReal|x86.ActiveCfg = Debug|x86
		{D592B9B3-DC21-486C-AEDD-3FA5CE886D7C}.DebugWithReal|x86.Build.0 = Debug|x86
		{D592B9B3-DC21-486C-AEDD-3FA5CE886D7C}.Release|Any CPU.ActiveCfg = Release|Any CPU
		{D592B9B3-DC21-486C-AEDD-3FA5CE886D7C}.Release|Any CPU.Build.0 = Release|Any CPU
		{D592B9B3-DC21-486C-AEDD-3FA5CE886D7C}.Release|ARM.ActiveCfg = Release|ARM
		{D592B9B3-DC21-486C-AEDD-3FA5CE886D7C}.Release|ARM.Build.0 = Release|ARM
		{D592B9B3-DC21-486C-AEDD-3FA5CE886D7C}.Release|x64.ActiveCfg = Release|x64
		{D592B9B3-DC21-486C-AEDD-3FA5CE886D7C}.Release|x64.Build.0 = Release|x64
		{D592B9B3-DC21-486C-AEDD-3FA5CE886D7C}.Release|x86.ActiveCfg = Release|x86
		{D592B9B3-DC21-486C-AEDD-3FA5CE886D7C}.Release|x86.Build.0 = Release|x86
		{7E226C45-8584-4B96-A2C8-D5A868008026}.Debug|Any CPU.ActiveCfg = Debug|Any CPU
		{7E226C45-8584-4B96-A2C8-D5A868008026}.Debug|Any CPU.Build.0 = Debug|Any CPU
		{7E226C45-8584-4B96-A2C8-D5A868008026}.Debug|ARM.ActiveCfg = Debug|ARM
		{7E226C45-8584-4B96-A2C8-D5A868008026}.Debug|ARM.Build.0 = Debug|ARM
		{7E226C45-8584-4B96-A2C8-D5A868008026}.Debug|x64.ActiveCfg = Debug|x64
		{7E226C45-8584-4B96-A2C8-D5A868008026}.Debug|x64.Build.0 = Debug|x64
		{7E226C45-8584-4B96-A2C8-D5A868008026}.Debug|x86.ActiveCfg = Debug|x86
		{7E226C45-8584-4B96-A2C8-D5A868008026}.Debug|x86.Build.0 = Debug|x86
		{7E226C45-8584-4B96-A2C8-D5A868008026}.DebugWithFake|Any CPU.ActiveCfg = Debug|Any CPU
		{7E226C45-8584-4B96-A2C8-D5A868008026}.DebugWithFake|Any CPU.Build.0 = Debug|Any CPU
		{7E226C45-8584-4B96-A2C8-D5A868008026}.DebugWithFake|ARM.ActiveCfg = Debug|ARM
		{7E226C45-8584-4B96-A2C8-D5A868008026}.DebugWithFake|ARM.Build.0 = Debug|ARM
		{7E226C45-8584-4B96-A2C8-D5A868008026}.DebugWithFake|x64.ActiveCfg = Debug|x64
		{7E226C45-8584-4B96-A2C8-D5A868008026}.DebugWithFake|x64.Build.0 = Debug|x64
		{7E226C45-8584-4B96-A2C8-D5A868008026}.DebugWithFake|x86.ActiveCfg = Debug|x86
		{7E226C45-8584-4B96-A2C8-D5A868008026}.DebugWithFake|x86.Build.0 = Debug|x86
		{7E226C45-8584-4B96-A2C8-D5A868008026}.DebugWithReal|Any CPU.ActiveCfg = Debug|Any CPU
		{7E226C45-8584-4B96-A2C8-D5A868008026}.DebugWithReal|Any CPU.Build.0 = Debug|Any CPU
		{7E226C45-8584-4B96-A2C8-D5A868008026}.DebugWithReal|ARM.ActiveCfg = Debug|ARM
		{7E226C45-8584-4B96-A2C8-D5A868008026}.DebugWithReal|ARM.Build.0 = Debug|ARM
		{7E226C45-8584-4B96-A2C8-D5A868008026}.DebugWithReal|x64.ActiveCfg = Debug|x64
		{7E226C45-8584-4B96-A2C8-D5A868008026}.DebugWithReal|x64.Build.0 = Debug|x64
		{7E226C45-8584-4B96-A2C8-D5A868008026}.DebugWithReal|x86.ActiveCfg = Debug|x86
		{7E226C45-8584-4B96-A2C8-D5A868008026}.DebugWithReal|x86.Build.0 = Debug|x86
		{7E226C45-8584-4B96-A2C8-D5A868008026}.Release|Any CPU.ActiveCfg = Release|Any CPU
		{7E226C45-8584-4B96-A2C8-D5A868008026}.Release|Any CPU.Build.0 = Release|Any CPU
		{7E226C45-8584-4B96-A2C8-D5A868008026}.Release|ARM.ActiveCfg = Release|ARM
		{7E226C45-8584-4B96-A2C8-D5A868008026}.Release|ARM.Build.0 = Release|ARM
		{7E226C45-8584-4B96-A2C8-D5A868008026}.Release|x64.ActiveCfg = Release|x64
		{7E226C45-8584-4B96-A2C8-D5A868008026}.Release|x64.Build.0 = Release|x64
		{7E226C45-8584-4B96-A2C8-D5A868008026}.Release|x86.ActiveCfg = Release|x86
		{7E226C45-8584-4B96-A2C8-D5A868008026}.Release|x86.Build.0 = Release|x86
		{AD2D47F8-8296-4045-83E1-1B402FF4BC6F}.Debug|Any CPU.ActiveCfg = Debug|Any CPU
		{AD2D47F8-8296-4045-83E1-1B402FF4BC6F}.Debug|Any CPU.Build.0 = Debug|Any CPU
		{AD2D47F8-8296-4045-83E1-1B402FF4BC6F}.Debug|Any CPU.Deploy.0 = Debug|Any CPU
		{AD2D47F8-8296-4045-83E1-1B402FF4BC6F}.Debug|ARM.ActiveCfg = Debug|ARM
		{AD2D47F8-8296-4045-83E1-1B402FF4BC6F}.Debug|ARM.Build.0 = Debug|ARM
		{AD2D47F8-8296-4045-83E1-1B402FF4BC6F}.Debug|ARM.Deploy.0 = Debug|ARM
		{AD2D47F8-8296-4045-83E1-1B402FF4BC6F}.Debug|x64.ActiveCfg = Debug|x64
		{AD2D47F8-8296-4045-83E1-1B402FF4BC6F}.Debug|x64.Build.0 = Debug|x64
		{AD2D47F8-8296-4045-83E1-1B402FF4BC6F}.Debug|x64.Deploy.0 = Debug|x64
		{AD2D47F8-8296-4045-83E1-1B402FF4BC6F}.Debug|x86.ActiveCfg = Debug|x86
		{AD2D47F8-8296-4045-83E1-1B402FF4BC6F}.Debug|x86.Build.0 = Debug|x86
		{AD2D47F8-8296-4045-83E1-1B402FF4BC6F}.Debug|x86.Deploy.0 = Debug|x86
		{AD2D47F8-8296-4045-83E1-1B402FF4BC6F}.DebugWithFake|Any CPU.ActiveCfg = Debug|Any CPU
		{AD2D47F8-8296-4045-83E1-1B402FF4BC6F}.DebugWithFake|Any CPU.Build.0 = Debug|Any CPU
		{AD2D47F8-8296-4045-83E1-1B402FF4BC6F}.DebugWithFake|Any CPU.Deploy.0 = Debug|Any CPU
		{AD2D47F8-8296-4045-83E1-1B402FF4BC6F}.DebugWithFake|ARM.ActiveCfg = Debug|ARM
		{AD2D47F8-8296-4045-83E1-1B402FF4BC6F}.DebugWithFake|ARM.Build.0 = Debug|ARM
		{AD2D47F8-8296-4045-83E1-1B402FF4BC6F}.DebugWithFake|ARM.Deploy.0 = Debug|ARM
		{AD2D47F8-8296-4045-83E1-1B402FF4BC6F}.DebugWithFake|x64.ActiveCfg = Debug|x64
		{AD2D47F8-8296-4045-83E1-1B402FF4BC6F}.DebugWithFake|x64.Build.0 = Debug|x64
		{AD2D47F8-8296-4045-83E1-1B402FF4BC6F}.DebugWithFake|x64.Deploy.0 = Debug|x64
		{AD2D47F8-8296-4045-83E1-1B402FF4BC6F}.DebugWithFake|x86.ActiveCfg = Debug|x86
		{AD2D47F8-8296-4045-83E1-1B402FF4BC6F}.DebugWithFake|x86.Build.0 = Debug|x86
		{AD2D47F8-8296-4045-83E1-1B402FF4BC6F}.DebugWithFake|x86.Deploy.0 = Debug|x86
		{AD2D47F8-8296-4045-83E1-1B402FF4BC6F}.DebugWithReal|Any CPU.ActiveCfg = Debug|Any CPU
		{AD2D47F8-8296-4045-83E1-1B402FF4BC6F}.DebugWithReal|Any CPU.Build.0 = Debug|Any CPU
		{AD2D47F8-8296-4045-83E1-1B402FF4BC6F}.DebugWithReal|Any CPU.Deploy.0 = Debug|Any CPU
		{AD2D47F8-8296-4045-83E1-1B402FF4BC6F}.DebugWithReal|ARM.ActiveCfg = Debug|ARM
		{AD2D47F8-8296-4045-83E1-1B402FF4BC6F}.DebugWithReal|ARM.Build.0 = Debug|ARM
		{AD2D47F8-8296-4045-83E1-1B402FF4BC6F}.DebugWithReal|ARM.Deploy.0 = Debug|ARM
		{AD2D47F8-8296-4045-83E1-1B402FF4BC6F}.DebugWithReal|x64.ActiveCfg = Debug|x64
		{AD2D47F8-8296-4045-83E1-1B402FF4BC6F}.DebugWithReal|x64.Build.0 = Debug|x64
		{AD2D47F8-8296-4045-83E1-1B402FF4BC6F}.DebugWithReal|x64.Deploy.0 = Debug|x64
		{AD2D47F8-8296-4045-83E1-1B402FF4BC6F}.DebugWithReal|x86.ActiveCfg = Debug|x86
		{AD2D47F8-8296-4045-83E1-1B402FF4BC6F}.DebugWithReal|x86.Build.0 = Debug|x86
		{AD2D47F8-8296-4045-83E1-1B402FF4BC6F}.DebugWithReal|x86.Deploy.0 = Debug|x86
		{AD2D47F8-8296-4045-83E1-1B402FF4BC6F}.Release|Any CPU.ActiveCfg = Release|Any CPU
		{AD2D47F8-8296-4045-83E1-1B402FF4BC6F}.Release|Any CPU.Build.0 = Release|Any CPU
		{AD2D47F8-8296-4045-83E1-1B402FF4BC6F}.Release|Any CPU.Deploy.0 = Release|Any CPU
		{AD2D47F8-8296-4045-83E1-1B402FF4BC6F}.Release|ARM.ActiveCfg = Release|ARM
		{AD2D47F8-8296-4045-83E1-1B402FF4BC6F}.Release|ARM.Build.0 = Release|ARM
		{AD2D47F8-8296-4045-83E1-1B402FF4BC6F}.Release|ARM.Deploy.0 = Release|ARM
		{AD2D47F8-8296-4045-83E1-1B402FF4BC6F}.Release|x64.ActiveCfg = Release|x64
		{AD2D47F8-8296-4045-83E1-1B402FF4BC6F}.Release|x64.Build.0 = Release|x64
		{AD2D47F8-8296-4045-83E1-1B402FF4BC6F}.Release|x64.Deploy.0 = Release|x64
		{AD2D47F8-8296-4045-83E1-1B402FF4BC6F}.Release|x86.ActiveCfg = Release|x86
		{AD2D47F8-8296-4045-83E1-1B402FF4BC6F}.Release|x86.Build.0 = Release|x86
		{AD2D47F8-8296-4045-83E1-1B402FF4BC6F}.Release|x86.Deploy.0 = Release|x86
		{319D9A32-4C4A-41CF-BA5D-B329E07420F8}.Debug|Any CPU.ActiveCfg = Debug|Any CPU
		{319D9A32-4C4A-41CF-BA5D-B329E07420F8}.Debug|Any CPU.Build.0 = Debug|Any CPU
		{319D9A32-4C4A-41CF-BA5D-B329E07420F8}.Debug|ARM.ActiveCfg = Debug|Any CPU
		{319D9A32-4C4A-41CF-BA5D-B329E07420F8}.Debug|ARM.Build.0 = Debug|Any CPU
		{319D9A32-4C4A-41CF-BA5D-B329E07420F8}.Debug|x64.ActiveCfg = Debug|Any CPU
		{319D9A32-4C4A-41CF-BA5D-B329E07420F8}.Debug|x64.Build.0 = Debug|Any CPU
		{319D9A32-4C4A-41CF-BA5D-B329E07420F8}.Debug|x86.ActiveCfg = Debug|Any CPU
		{319D9A32-4C4A-41CF-BA5D-B329E07420F8}.Debug|x86.Build.0 = Debug|Any CPU
		{319D9A32-4C4A-41CF-BA5D-B329E07420F8}.DebugWithFake|Any CPU.ActiveCfg = Debug|Any CPU
		{319D9A32-4C4A-41CF-BA5D-B329E07420F8}.DebugWithFake|Any CPU.Build.0 = Debug|Any CPU
		{319D9A32-4C4A-41CF-BA5D-B329E07420F8}.DebugWithFake|ARM.ActiveCfg = Debug|Any CPU
		{319D9A32-4C4A-41CF-BA5D-B329E07420F8}.DebugWithFake|ARM.Build.0 = Debug|Any CPU
		{319D9A32-4C4A-41CF-BA5D-B329E07420F8}.DebugWithFake|x64.ActiveCfg = Debug|Any CPU
		{319D9A32-4C4A-41CF-BA5D-B329E07420F8}.DebugWithFake|x64.Build.0 = Debug|Any CPU
		{319D9A32-4C4A-41CF-BA5D-B329E07420F8}.DebugWithFake|x86.ActiveCfg = Debug|Any CPU
		{319D9A32-4C4A-41CF-BA5D-B329E07420F8}.DebugWithFake|x86.Build.0 = Debug|Any CPU
		{319D9A32-4C4A-41CF-BA5D-B329E07420F8}.DebugWithReal|Any CPU.ActiveCfg = Debug|Any CPU
		{319D9A32-4C4A-41CF-BA5D-B329E07420F8}.DebugWithReal|Any CPU.Build.0 = Debug|Any CPU
		{319D9A32-4C4A-41CF-BA5D-B329E07420F8}.DebugWithReal|ARM.ActiveCfg = Debug|Any CPU
		{319D9A32-4C4A-41CF-BA5D-B329E07420F8}.DebugWithReal|ARM.Build.0 = Debug|Any CPU
		{319D9A32-4C4A-41CF-BA5D-B329E07420F8}.DebugWithReal|x64.ActiveCfg = Debug|Any CPU
		{319D9A32-4C4A-41CF-BA5D-B329E07420F8}.DebugWithReal|x64.Build.0 = Debug|Any CPU
		{319D9A32-4C4A-41CF-BA5D-B329E07420F8}.DebugWithReal|x86.ActiveCfg = Debug|Any CPU
		{319D9A32-4C4A-41CF-BA5D-B329E07420F8}.DebugWithReal|x86.Build.0 = Debug|Any CPU
		{319D9A32-4C4A-41CF-BA5D-B329E07420F8}.Release|Any CPU.ActiveCfg = Release|Any CPU
		{319D9A32-4C4A-41CF-BA5D-B329E07420F8}.Release|Any CPU.Build.0 = Release|Any CPU
		{319D9A32-4C4A-41CF-BA5D-B329E07420F8}.Release|ARM.ActiveCfg = Release|Any CPU
		{319D9A32-4C4A-41CF-BA5D-B329E07420F8}.Release|ARM.Build.0 = Release|Any CPU
		{319D9A32-4C4A-41CF-BA5D-B329E07420F8}.Release|x64.ActiveCfg = Release|Any CPU
		{319D9A32-4C4A-41CF-BA5D-B329E07420F8}.Release|x64.Build.0 = Release|Any CPU
		{319D9A32-4C4A-41CF-BA5D-B329E07420F8}.Release|x86.ActiveCfg = Release|Any CPU
		{319D9A32-4C4A-41CF-BA5D-B329E07420F8}.Release|x86.Build.0 = Release|Any CPU
		{1A8B996A-A97F-4F2B-9BFB-EED800D8C3C7}.Debug|Any CPU.ActiveCfg = Debug|Any CPU
		{1A8B996A-A97F-4F2B-9BFB-EED800D8C3C7}.Debug|Any CPU.Build.0 = Debug|Any CPU
		{1A8B996A-A97F-4F2B-9BFB-EED800D8C3C7}.Debug|ARM.ActiveCfg = Debug|ARM
		{1A8B996A-A97F-4F2B-9BFB-EED800D8C3C7}.Debug|ARM.Build.0 = Debug|ARM
		{1A8B996A-A97F-4F2B-9BFB-EED800D8C3C7}.Debug|x64.ActiveCfg = Debug|x64
		{1A8B996A-A97F-4F2B-9BFB-EED800D8C3C7}.Debug|x64.Build.0 = Debug|x64
		{1A8B996A-A97F-4F2B-9BFB-EED800D8C3C7}.Debug|x86.ActiveCfg = Debug|x86
		{1A8B996A-A97F-4F2B-9BFB-EED800D8C3C7}.Debug|x86.Build.0 = Debug|x86
		{1A8B996A-A97F-4F2B-9BFB-EED800D8C3C7}.DebugWithFake|Any CPU.ActiveCfg = Debug|Any CPU
		{1A8B996A-A97F-4F2B-9BFB-EED800D8C3C7}.DebugWithFake|Any CPU.Build.0 = Debug|Any CPU
		{1A8B996A-A97F-4F2B-9BFB-EED800D8C3C7}.DebugWithFake|ARM.ActiveCfg = Debug|ARM
		{1A8B996A-A97F-4F2B-9BFB-EED800D8C3C7}.DebugWithFake|ARM.Build.0 = Debug|ARM
		{1A8B996A-A97F-4F2B-9BFB-EED800D8C3C7}.DebugWithFake|x64.ActiveCfg = Debug|x64
		{1A8B996A-A97F-4F2B-9BFB-EED800D8C3C7}.DebugWithFake|x64.Build.0 = Debug|x64
		{1A8B996A-A97F-4F2B-9BFB-EED800D8C3C7}.DebugWithFake|x86.ActiveCfg = Debug|x86
		{1A8B996A-A97F-4F2B-9BFB-EED800D8C3C7}.DebugWithFake|x86.Build.0 = Debug|x86
		{1A8B996A-A97F-4F2B-9BFB-EED800D8C3C7}.DebugWithReal|Any CPU.ActiveCfg = Debug|Any CPU
		{1A8B996A-A97F-4F2B-9BFB-EED800D8C3C7}.DebugWithReal|Any CPU.Build.0 = Debug|Any CPU
		{1A8B996A-A97F-4F2B-9BFB-EED800D8C3C7}.DebugWithReal|ARM.ActiveCfg = Debug|ARM
		{1A8B996A-A97F-4F2B-9BFB-EED800D8C3C7}.DebugWithReal|ARM.Build.0 = Debug|ARM
		{1A8B996A-A97F-4F2B-9BFB-EED800D8C3C7}.DebugWithReal|x64.ActiveCfg = Debug|x64
		{1A8B996A-A97F-4F2B-9BFB-EED800D8C3C7}.DebugWithReal|x64.Build.0 = Debug|x64
		{1A8B996A-A97F-4F2B-9BFB-EED800D8C3C7}.DebugWithReal|x86.ActiveCfg = Debug|x86
		{1A8B996A-A97F-4F2B-9BFB-EED800D8C3C7}.DebugWithReal|x86.Build.0 = Debug|x86
		{1A8B996A-A97F-4F2B-9BFB-EED800D8C3C7}.Release|Any CPU.ActiveCfg = Release|Any CPU
		{1A8B996A-A97F-4F2B-9BFB-EED800D8C3C7}.Release|Any CPU.Build.0 = Release|Any CPU
		{1A8B996A-A97F-4F2B-9BFB-EED800D8C3C7}.Release|ARM.ActiveCfg = Release|ARM
		{1A8B996A-A97F-4F2B-9BFB-EED800D8C3C7}.Release|ARM.Build.0 = Release|ARM
		{1A8B996A-A97F-4F2B-9BFB-EED800D8C3C7}.Release|x64.ActiveCfg = Release|x64
		{1A8B996A-A97F-4F2B-9BFB-EED800D8C3C7}.Release|x64.Build.0 = Release|x64
		{1A8B996A-A97F-4F2B-9BFB-EED800D8C3C7}.Release|x86.ActiveCfg = Release|x86
		{1A8B996A-A97F-4F2B-9BFB-EED800D8C3C7}.Release|x86.Build.0 = Release|x86
		{7B1EA1D1-A935-4C04-901D-37588FA09888}.Debug|Any CPU.ActiveCfg = Debug|Any CPU
		{7B1EA1D1-A935-4C04-901D-37588FA09888}.Debug|Any CPU.Build.0 = Debug|Any CPU
		{7B1EA1D1-A935-4C04-901D-37588FA09888}.Debug|ARM.ActiveCfg = Debug|ARM
		{7B1EA1D1-A935-4C04-901D-37588FA09888}.Debug|ARM.Build.0 = Debug|ARM
		{7B1EA1D1-A935-4C04-901D-37588FA09888}.Debug|x64.ActiveCfg = Debug|x64
		{7B1EA1D1-A935-4C04-901D-37588FA09888}.Debug|x64.Build.0 = Debug|x64
		{7B1EA1D1-A935-4C04-901D-37588FA09888}.Debug|x86.ActiveCfg = Debug|x86
		{7B1EA1D1-A935-4C04-901D-37588FA09888}.Debug|x86.Build.0 = Debug|x86
		{7B1EA1D1-A935-4C04-901D-37588FA09888}.DebugWithFake|Any CPU.ActiveCfg = Debug|Any CPU
		{7B1EA1D1-A935-4C04-901D-37588FA09888}.DebugWithFake|Any CPU.Build.0 = Debug|Any CPU
		{7B1EA1D1-A935-4C04-901D-37588FA09888}.DebugWithFake|ARM.ActiveCfg = Debug|ARM
		{7B1EA1D1-A935-4C04-901D-37588FA09888}.DebugWithFake|ARM.Build.0 = Debug|ARM
		{7B1EA1D1-A935-4C04-901D-37588FA09888}.DebugWithFake|x64.ActiveCfg = Debug|x64
		{7B1EA1D1-A935-4C04-901D-37588FA09888}.DebugWithFake|x64.Build.0 = Debug|x64
		{7B1EA1D1-A935-4C04-901D-37588FA09888}.DebugWithFake|x86.ActiveCfg = Debug|x86
		{7B1EA1D1-A935-4C04-901D-37588FA09888}.DebugWithFake|x86.Build.0 = Debug|x86
		{7B1EA1D1-A935-4C04-901D-37588FA09888}.DebugWithReal|Any CPU.ActiveCfg = Debug|Any CPU
		{7B1EA1D1-A935-4C04-901D-37588FA09888}.DebugWithReal|Any CPU.Build.0 = Debug|Any CPU
		{7B1EA1D1-A935-4C04-901D-37588FA09888}.DebugWithReal|ARM.ActiveCfg = Debug|ARM
		{7B1EA1D1-A935-4C04-901D-37588FA09888}.DebugWithReal|ARM.Build.0 = Debug|ARM
		{7B1EA1D1-A935-4C04-901D-37588FA09888}.DebugWithReal|x64.ActiveCfg = Debug|x64
		{7B1EA1D1-A935-4C04-901D-37588FA09888}.DebugWithReal|x64.Build.0 = Debug|x64
		{7B1EA1D1-A935-4C04-901D-37588FA09888}.DebugWithReal|x86.ActiveCfg = Debug|x86
		{7B1EA1D1-A935-4C04-901D-37588FA09888}.DebugWithReal|x86.Build.0 = Debug|x86
		{7B1EA1D1-A935-4C04-901D-37588FA09888}.Release|Any CPU.ActiveCfg = Release|Any CPU
		{7B1EA1D1-A935-4C04-901D-37588FA09888}.Release|Any CPU.Build.0 = Release|Any CPU
		{7B1EA1D1-A935-4C04-901D-37588FA09888}.Release|ARM.ActiveCfg = Release|ARM
		{7B1EA1D1-A935-4C04-901D-37588FA09888}.Release|ARM.Build.0 = Release|ARM
		{7B1EA1D1-A935-4C04-901D-37588FA09888}.Release|x64.ActiveCfg = Release|x64
		{7B1EA1D1-A935-4C04-901D-37588FA09888}.Release|x64.Build.0 = Release|x64
		{7B1EA1D1-A935-4C04-901D-37588FA09888}.Release|x86.ActiveCfg = Release|x86
		{7B1EA1D1-A935-4C04-901D-37588FA09888}.Release|x86.Build.0 = Release|x86
		{9E8AD53B-009B-433D-8FD7-4C0878174223}.Debug|Any CPU.ActiveCfg = Debug|Any CPU
		{9E8AD53B-009B-433D-8FD7-4C0878174223}.Debug|Any CPU.Build.0 = Debug|Any CPU
		{9E8AD53B-009B-433D-8FD7-4C0878174223}.Debug|ARM.ActiveCfg = Debug|Any CPU
		{9E8AD53B-009B-433D-8FD7-4C0878174223}.Debug|ARM.Build.0 = Debug|Any CPU
		{9E8AD53B-009B-433D-8FD7-4C0878174223}.Debug|x64.ActiveCfg = Debug|Any CPU
		{9E8AD53B-009B-433D-8FD7-4C0878174223}.Debug|x64.Build.0 = Debug|Any CPU
		{9E8AD53B-009B-433D-8FD7-4C0878174223}.Debug|x86.ActiveCfg = Debug|Any CPU
		{9E8AD53B-009B-433D-8FD7-4C0878174223}.Debug|x86.Build.0 = Debug|Any CPU
		{9E8AD53B-009B-433D-8FD7-4C0878174223}.DebugWithFake|Any CPU.ActiveCfg = Debug|Any CPU
		{9E8AD53B-009B-433D-8FD7-4C0878174223}.DebugWithFake|Any CPU.Build.0 = Debug|Any CPU
		{9E8AD53B-009B-433D-8FD7-4C0878174223}.DebugWithFake|ARM.ActiveCfg = Debug|Any CPU
		{9E8AD53B-009B-433D-8FD7-4C0878174223}.DebugWithFake|ARM.Build.0 = Debug|Any CPU
		{9E8AD53B-009B-433D-8FD7-4C0878174223}.DebugWithFake|x64.ActiveCfg = Debug|Any CPU
		{9E8AD53B-009B-433D-8FD7-4C0878174223}.DebugWithFake|x64.Build.0 = Debug|Any CPU
		{9E8AD53B-009B-433D-8FD7-4C0878174223}.DebugWithFake|x86.ActiveCfg = Debug|Any CPU
		{9E8AD53B-009B-433D-8FD7-4C0878174223}.DebugWithFake|x86.Build.0 = Debug|Any CPU
		{9E8AD53B-009B-433D-8FD7-4C0878174223}.DebugWithReal|Any CPU.ActiveCfg = Debug|Any CPU
		{9E8AD53B-009B-433D-8FD7-4C0878174223}.DebugWithReal|Any CPU.Build.0 = Debug|Any CPU
		{9E8AD53B-009B-433D-8FD7-4C0878174223}.DebugWithReal|ARM.ActiveCfg = Debug|Any CPU
		{9E8AD53B-009B-433D-8FD7-4C0878174223}.DebugWithReal|ARM.Build.0 = Debug|Any CPU
		{9E8AD53B-009B-433D-8FD7-4C0878174223}.DebugWithReal|x64.ActiveCfg = Debug|Any CPU
		{9E8AD53B-009B-433D-8FD7-4C0878174223}.DebugWithReal|x64.Build.0 = Debug|Any CPU
		{9E8AD53B-009B-433D-8FD7-4C0878174223}.DebugWithReal|x86.ActiveCfg = Debug|Any CPU
		{9E8AD53B-009B-433D-8FD7-4C0878174223}.DebugWithReal|x86.Build.0 = Debug|Any CPU
		{9E8AD53B-009B-433D-8FD7-4C0878174223}.Release|Any CPU.ActiveCfg = Release|Any CPU
		{9E8AD53B-009B-433D-8FD7-4C0878174223}.Release|Any CPU.Build.0 = Release|Any CPU
		{9E8AD53B-009B-433D-8FD7-4C0878174223}.Release|ARM.ActiveCfg = Release|Any CPU
		{9E8AD53B-009B-433D-8FD7-4C0878174223}.Release|ARM.Build.0 = Release|Any CPU
		{9E8AD53B-009B-433D-8FD7-4C0878174223}.Release|x64.ActiveCfg = Release|Any CPU
		{9E8AD53B-009B-433D-8FD7-4C0878174223}.Release|x64.Build.0 = Release|Any CPU
		{9E8AD53B-009B-433D-8FD7-4C0878174223}.Release|x86.ActiveCfg = Release|Any CPU
		{9E8AD53B-009B-433D-8FD7-4C0878174223}.Release|x86.Build.0 = Release|Any CPU
		{718C92E0-CAFE-43AF-97EC-869BC8E9482F}.Debug|Any CPU.ActiveCfg = Debug|Any CPU
		{718C92E0-CAFE-43AF-97EC-869BC8E9482F}.Debug|Any CPU.Build.0 = Debug|Any CPU
		{718C92E0-CAFE-43AF-97EC-869BC8E9482F}.Debug|ARM.ActiveCfg = Debug|Any CPU
		{718C92E0-CAFE-43AF-97EC-869BC8E9482F}.Debug|ARM.Build.0 = Debug|Any CPU
		{718C92E0-CAFE-43AF-97EC-869BC8E9482F}.Debug|x64.ActiveCfg = Debug|Any CPU
		{718C92E0-CAFE-43AF-97EC-869BC8E9482F}.Debug|x64.Build.0 = Debug|Any CPU
		{718C92E0-CAFE-43AF-97EC-869BC8E9482F}.Debug|x86.ActiveCfg = Debug|Any CPU
		{718C92E0-CAFE-43AF-97EC-869BC8E9482F}.Debug|x86.Build.0 = Debug|Any CPU
		{718C92E0-CAFE-43AF-97EC-869BC8E9482F}.DebugWithFake|Any CPU.ActiveCfg = Debug|Any CPU
		{718C92E0-CAFE-43AF-97EC-869BC8E9482F}.DebugWithFake|Any CPU.Build.0 = Debug|Any CPU
		{718C92E0-CAFE-43AF-97EC-869BC8E9482F}.DebugWithFake|ARM.ActiveCfg = Debug|Any CPU
		{718C92E0-CAFE-43AF-97EC-869BC8E9482F}.DebugWithFake|ARM.Build.0 = Debug|Any CPU
		{718C92E0-CAFE-43AF-97EC-869BC8E9482F}.DebugWithFake|x64.ActiveCfg = Debug|Any CPU
		{718C92E0-CAFE-43AF-97EC-869BC8E9482F}.DebugWithFake|x64.Build.0 = Debug|Any CPU
		{718C92E0-CAFE-43AF-97EC-869BC8E9482F}.DebugWithFake|x86.ActiveCfg = Debug|Any CPU
		{718C92E0-CAFE-43AF-97EC-869BC8E9482F}.DebugWithFake|x86.Build.0 = Debug|Any CPU
		{718C92E0-CAFE-43AF-97EC-869BC8E9482F}.DebugWithReal|Any CPU.ActiveCfg = Debug|Any CPU
		{718C92E0-CAFE-43AF-97EC-869BC8E9482F}.DebugWithReal|Any CPU.Build.0 = Debug|Any CPU
		{718C92E0-CAFE-43AF-97EC-869BC8E9482F}.DebugWithReal|ARM.ActiveCfg = Debug|Any CPU
		{718C92E0-CAFE-43AF-97EC-869BC8E9482F}.DebugWithReal|ARM.Build.0 = Debug|Any CPU
		{718C92E0-CAFE-43AF-97EC-869BC8E9482F}.DebugWithReal|x64.ActiveCfg = Debug|Any CPU
		{718C92E0-CAFE-43AF-97EC-869BC8E9482F}.DebugWithReal|x64.Build.0 = Debug|Any CPU
		{718C92E0-CAFE-43AF-97EC-869BC8E9482F}.DebugWithReal|x86.ActiveCfg = Debug|Any CPU
		{718C92E0-CAFE-43AF-97EC-869BC8E9482F}.DebugWithReal|x86.Build.0 = Debug|Any CPU
		{718C92E0-CAFE-43AF-97EC-869BC8E9482F}.Release|Any CPU.ActiveCfg = Release|Any CPU
		{718C92E0-CAFE-43AF-97EC-869BC8E9482F}.Release|Any CPU.Build.0 = Release|Any CPU
		{718C92E0-CAFE-43AF-97EC-869BC8E9482F}.Release|ARM.ActiveCfg = Release|Any CPU
		{718C92E0-CAFE-43AF-97EC-869BC8E9482F}.Release|ARM.Build.0 = Release|Any CPU
		{718C92E0-CAFE-43AF-97EC-869BC8E9482F}.Release|x64.ActiveCfg = Release|Any CPU
		{718C92E0-CAFE-43AF-97EC-869BC8E9482F}.Release|x64.Build.0 = Release|Any CPU
		{718C92E0-CAFE-43AF-97EC-869BC8E9482F}.Release|x86.ActiveCfg = Release|Any CPU
		{718C92E0-CAFE-43AF-97EC-869BC8E9482F}.Release|x86.Build.0 = Release|Any CPU
	EndGlobalSection
	GlobalSection(SolutionProperties) = preSolution
		HideSolutionNode = FALSE
	EndGlobalSection
	GlobalSection(NestedProjects) = preSolution
		{82B7CC64-C178-4664-A09B-6D7F0E2E9BE2} = {CFF1CC9C-7FAF-493C-B0BC-2BD47779C59E}
		{D2432BC9-C269-47CA-85AC-7B1F79BDD2B7} = {82B7CC64-C178-4664-A09B-6D7F0E2E9BE2}
		{8A567338-89FB-49AA-80FE-B47AE861D6A7} = {82B7CC64-C178-4664-A09B-6D7F0E2E9BE2}
		{7CBFBF47-277B-4B59-A67F-C5B84DFF1C16} = {CFF1CC9C-7FAF-493C-B0BC-2BD47779C59E}
		{AD12275A-AEB6-4DE1-8B9F-49AE7A161873} = {7CBFBF47-277B-4B59-A67F-C5B84DFF1C16}
		{B9B61E48-888E-4347-8DFE-F41DAC4A1F2F} = {7CBFBF47-277B-4B59-A67F-C5B84DFF1C16}
		{7B20CB05-4318-4288-AD78-D393B5355453} = {7CBFBF47-277B-4B59-A67F-C5B84DFF1C16}
		{536D34E4-A409-4567-B7C6-58F50206740E} = {843BC64E-FA8A-477F-9F74-8D277FF36007}
		{33766857-5FCE-4C2C-B167-E76A9F521FF0} = {843BC64E-FA8A-477F-9F74-8D277FF36007}
		{49724A56-9FA9-44C4-B731-1E414EE598BC} = {843BC64E-FA8A-477F-9F74-8D277FF36007}
		{D73E6669-F40F-41CB-B4F9-CEC09DEE7619} = {4A0001F2-524E-45A6-83D9-EE1AC9BD0D63}
		{1DC8E7B9-99F3-4D27-8D51-FD2952657325} = {CFF1CC9C-7FAF-493C-B0BC-2BD47779C59E}
		{C7D9A43D-CF1A-45B8-96A4-8723631FA685} = {1DC8E7B9-99F3-4D27-8D51-FD2952657325}
		{B17D3E84-5098-4D9A-BBEB-1B2B60B2467A} = {3A5CF97F-6F7F-4D52-BBF0-4B59271DEB52}
		{AB14C5B1-1A79-49BA-B8B8-972A518D6A71} = {B17D3E84-5098-4D9A-BBEB-1B2B60B2467A}
		{D592B9B3-DC21-486C-AEDD-3FA5CE886D7C} = {AB14C5B1-1A79-49BA-B8B8-972A518D6A71}
		{7E226C45-8584-4B96-A2C8-D5A868008026} = {AB14C5B1-1A79-49BA-B8B8-972A518D6A71}
		{A386E7C6-0689-41BD-A8DC-96DA4F95E917} = {3A5CF97F-6F7F-4D52-BBF0-4B59271DEB52}
		{AD2D47F8-8296-4045-83E1-1B402FF4BC6F} = {3A5CF97F-6F7F-4D52-BBF0-4B59271DEB52}
		{667BAEAA-1167-47DB-BE02-55EAADE66D59} = {3A5CF97F-6F7F-4D52-BBF0-4B59271DEB52}
		{319D9A32-4C4A-41CF-BA5D-B329E07420F8} = {667BAEAA-1167-47DB-BE02-55EAADE66D59}
		{1A8B996A-A97F-4F2B-9BFB-EED800D8C3C7} = {B17D3E84-5098-4D9A-BBEB-1B2B60B2467A}
		{7B1EA1D1-A935-4C04-901D-37588FA09888} = {AB14C5B1-1A79-49BA-B8B8-972A518D6A71}
		{E6A51839-5225-4E2C-829A-359BC2CBDFA2} = {3A5CF97F-6F7F-4D52-BBF0-4B59271DEB52}
		{9E8AD53B-009B-433D-8FD7-4C0878174223} = {E6A51839-5225-4E2C-829A-359BC2CBDFA2}
		{718C92E0-CAFE-43AF-97EC-869BC8E9482F} = {A386E7C6-0689-41BD-A8DC-96DA4F95E917}
	EndGlobalSection
EndGlobal
